// !$*UTF8*$!
{
	archiveVersion = 1;
	classes = {
	};
	objectVersion = 50;
	objects = {

/* Begin PBXBuildFile section */
		9948C2F526BED69600C3EC8A /* AppDelegate.m in Sources */ = {isa = PBXBuildFile; fileRef = 9948C2F426BED69600C3EC8A /* AppDelegate.m */; };
		9948C2F826BED69600C3EC8A /* SceneDelegate.m in Sources */ = {isa = PBXBuildFile; fileRef = 9948C2F726BED69600C3EC8A /* SceneDelegate.m */; };
		9948C2FB26BED69600C3EC8A /* ViewController.m in Sources */ = {isa = PBXBuildFile; fileRef = 9948C2FA26BED69600C3EC8A /* ViewController.m */; };
		9948C2FE26BED69600C3EC8A /* Main.storyboard in Resources */ = {isa = PBXBuildFile; fileRef = 9948C2FC26BED69600C3EC8A /* Main.storyboard */; };
		9948C30026BED69700C3EC8A /* Assets.xcassets in Resources */ = {isa = PBXBuildFile; fileRef = 9948C2FF26BED69700C3EC8A /* Assets.xcassets */; };
		9948C30326BED69700C3EC8A /* LaunchScreen.storyboard in Resources */ = {isa = PBXBuildFile; fileRef = 9948C30126BED69700C3EC8A /* LaunchScreen.storyboard */; };
		9948C30626BED69700C3EC8A /* main.m in Sources */ = {isa = PBXBuildFile; fileRef = 9948C30526BED69700C3EC8A /* main.m */; };
/* End PBXBuildFile section */

/* Begin PBXFileReference section */
		9948C2F026BED69600C3EC8A /* LLDB.app */ = {isa = PBXFileReference; explicitFileType = wrapper.application; includeInIndex = 0; path = LLDB.app; sourceTree = BUILT_PRODUCTS_DIR; };
		9948C2F326BED69600C3EC8A /* AppDelegate.h */ = {isa = PBXFileReference; lastKnownFileType = sourcecode.c.h; path = AppDelegate.h; sourceTree = "<group>"; };
		9948C2F426BED69600C3EC8A /* AppDelegate.m */ = {isa = PBXFileReference; lastKnownFileType = sourcecode.c.objc; path = AppDelegate.m; sourceTree = "<group>"; };
		9948C2F626BED69600C3EC8A /* SceneDelegate.h */ = {isa = PBXFileReference; lastKnownFileType = sourcecode.c.h; path = SceneDelegate.h; sourceTree = "<group>"; };
		9948C2F726BED69600C3EC8A /* SceneDelegate.m */ = {isa = PBXFileReference; lastKnownFileType = sourcecode.c.objc; path = SceneDelegate.m; sourceTree = "<group>"; };
		9948C2F926BED69600C3EC8A /* ViewController.h */ = {isa = PBXFileReference; lastKnownFileType = sourcecode.c.h; path = ViewController.h; sourceTree = "<group>"; };
		9948C2FA26BED69600C3EC8A /* ViewController.m */ = {isa = PBXFileReference; lastKnownFileType = sourcecode.c.objc; path = ViewController.m; sourceTree = "<group>"; };
		9948C2FD26BED69600C3EC8A /* Base */ = {isa = PBXFileReference; lastKnownFileType = file.storyboard; name = Base; path = Base.lproj/Main.storyboard; sourceTree = "<group>"; };
		9948C2FF26BED69700C3EC8A /* Assets.xcassets */ = {isa = PBXFileReference; lastKnownFileType = folder.assetcatalog; path = Assets.xcassets; sourceTree = "<group>"; };
		9948C30226BED69700C3EC8A /* Base */ = {isa = PBXFileReference; lastKnownFileType = file.storyboard; name = Base; path = Base.lproj/LaunchScreen.storyboard; sourceTree = "<group>"; };
		9948C30426BED69700C3EC8A /* Info.plist */ = {isa = PBXFileReference; lastKnownFileType = text.plist.xml; path = Info.plist; sourceTree = "<group>"; };
		9948C30526BED69700C3EC8A /* main.m */ = {isa = PBXFileReference; lastKnownFileType = sourcecode.c.objc; path = main.m; sourceTree = "<group>"; };
		9948C30D26C00EA400C3EC8A /* libdbm.tbd */ = {isa = PBXFileReference; lastKnownFileType = "sourcecode.text-based-dylib-definition"; name = libdbm.tbd; path = usr/lib/libdbm.tbd; sourceTree = SDKROOT; };
/* End PBXFileReference section */

/* Begin PBXFrameworksBuildPhase section */
		9948C2ED26BED69600C3EC8A /* Frameworks */ = {
			isa = PBXFrameworksBuildPhase;
			buildActionMask = 2147483647;
			files = (
			);
			runOnlyForDeploymentPostprocessing = 0;
		};
/* End PBXFrameworksBuildPhase section */

/* Begin PBXGroup section */
		9948C2E726BED69600C3EC8A = {
			isa = PBXGroup;
			children = (
				9948C2F226BED69600C3EC8A /* LLDB */,
				9948C2F126BED69600C3EC8A /* Products */,
				9948C30C26C00EA300C3EC8A /* Frameworks */,
			);
			sourceTree = "<group>";
		};
		9948C2F126BED69600C3EC8A /* Products */ = {
			isa = PBXGroup;
			children = (
				9948C2F026BED69600C3EC8A /* LLDB.app */,
			);
			name = Products;
			sourceTree = "<group>";
		};
		9948C2F226BED69600C3EC8A /* LLDB */ = {
			isa = PBXGroup;
			children = (
				9948C2F326BED69600C3EC8A /* AppDelegate.h */,
				9948C2F426BED69600C3EC8A /* AppDelegate.m */,
				9948C2F626BED69600C3EC8A /* SceneDelegate.h */,
				9948C2F726BED69600C3EC8A /* SceneDelegate.m */,
				9948C2F926BED69600C3EC8A /* ViewController.h */,
				9948C2FA26BED69600C3EC8A /* ViewController.m */,
				9948C2FC26BED69600C3EC8A /* Main.storyboard */,
				9948C2FF26BED69700C3EC8A /* Assets.xcassets */,
				9948C30126BED69700C3EC8A /* LaunchScreen.storyboard */,
				9948C30426BED69700C3EC8A /* Info.plist */,
				9948C30526BED69700C3EC8A /* main.m */,
			);
			path = LLDB;
			sourceTree = "<group>";
		};
		9948C30C26C00EA300C3EC8A /* Frameworks */ = {
			isa = PBXGroup;
			children = (
				9948C30D26C00EA400C3EC8A /* libdbm.tbd */,
			);
			name = Frameworks;
			sourceTree = "<group>";
		};
/* End PBXGroup section */

/* Begin PBXNativeTarget section */
		9948C2EF26BED69600C3EC8A /* LLDB */ = {
			isa = PBXNativeTarget;
			buildConfigurationList = 9948C30926BED69800C3EC8A /* Build configuration list for PBXNativeTarget "LLDB" */;
			buildPhases = (
				9948C2EC26BED69600C3EC8A /* Sources */,
				9948C2ED26BED69600C3EC8A /* Frameworks */,
				9948C2EE26BED69600C3EC8A /* Resources */,
			);
			buildRules = (
			);
			dependencies = (
			);
			name = LLDB;
			productName = LLDB;
			productReference = 9948C2F026BED69600C3EC8A /* LLDB.app */;
			productType = "com.apple.product-type.application";
		};
/* End PBXNativeTarget section */

/* Begin PBXProject section */
		9948C2E826BED69600C3EC8A /* Project object */ = {
			isa = PBXProject;
			attributes = {
				LastUpgradeCheck = 1250;
				TargetAttributes = {
					9948C2EF26BED69600C3EC8A = {
						CreatedOnToolsVersion = 12.5;
					};
				};
			};
			buildConfigurationList = 9948C2EB26BED69600C3EC8A /* Build configuration list for PBXProject "LLDB" */;
			compatibilityVersion = "Xcode 9.3";
			developmentRegion = en;
			hasScannedForEncodings = 0;
			knownRegions = (
				en,
				Base,
			);
			mainGroup = 9948C2E726BED69600C3EC8A;
			productRefGroup = 9948C2F126BED69600C3EC8A /* Products */;
			projectDirPath = "";
			projectRoot = "";
			targets = (
				9948C2EF26BED69600C3EC8A /* LLDB */,
			);
		};
/* End PBXProject section */

/* Begin PBXResourcesBuildPhase section */
		9948C2EE26BED69600C3EC8A /* Resources */ = {
			isa = PBXResourcesBuildPhase;
			buildActionMask = 2147483647;
			files = (
				9948C30326BED69700C3EC8A /* LaunchScreen.storyboard in Resources */,
				9948C30026BED69700C3EC8A /* Assets.xcassets in Resources */,
				9948C2FE26BED69600C3EC8A /* Main.storyboard in Resources */,
			);
			runOnlyForDeploymentPostprocessing = 0;
		};
/* End PBXResourcesBuildPhase section */

/* Begin PBXSourcesBuildPhase section */
		9948C2EC26BED69600C3EC8A /* Sources */ = {
			isa = PBXSourcesBuildPhase;
			buildActionMask = 2147483647;
			files = (
				9948C2FB26BED69600C3EC8A /* ViewController.m in Sources */,
				9948C2F526BED69600C3EC8A /* AppDelegate.m in Sources */,
				9948C30626BED69700C3EC8A /* main.m in Sources */,
				9948C2F826BED69600C3EC8A /* SceneDelegate.m in Sources */,
			);
			runOnlyForDeploymentPostprocessing = 0;
		};
/* End PBXSourcesBuildPhase section */

/* Begin PBXVariantGroup section */
		9948C2FC26BED69600C3EC8A /* Main.storyboard */ = {
			isa = PBXVariantGroup;
			children = (
				9948C2FD26BED69600C3EC8A /* Base */,
			);
			name = Main.storyboard;
			sourceTree = "<group>";
		};
		9948C30126BED69700C3EC8A /* LaunchScreen.storyboard */ = {
			isa = PBXVariantGroup;
			children = (
				9948C30226BED69700C3EC8A /* Base */,
			);
			name = LaunchScreen.storyboard;
			sourceTree = "<group>";
		};
/* End PBXVariantGroup section */

/* Begin XCBuildConfiguration section */
		9948C30726BED69800C3EC8A /* Debug */ = {
			isa = XCBuildConfiguration;
			buildSettings = {
				ALWAYS_SEARCH_USER_PATHS = NO;
				CLANG_ANALYZER_NONNULL = YES;
				CLANG_ANALYZER_NUMBER_OBJECT_CONVERSION = YES_AGGRESSIVE;
				CLANG_CXX_LANGUAGE_STANDARD = "gnu++14";
				CLANG_CXX_LIBRARY = "libc++";
				CLANG_ENABLE_MODULES = YES;
				CLANG_ENABLE_OBJC_ARC = YES;
				CLANG_ENABLE_OBJC_WEAK = YES;
				CLANG_WARN_BLOCK_CAPTURE_AUTORELEASING = YES;
				CLANG_WARN_BOOL_CONVERSION = YES;
				CLANG_WARN_COMMA = YES;
				CLANG_WARN_CONSTANT_CONVERSION = YES;
				CLANG_WARN_DEPRECATED_OBJC_IMPLEMENTATIONS = YES;
				CLANG_WARN_DIRECT_OBJC_ISA_USAGE = YES_ERROR;
				CLANG_WARN_DOCUMENTATION_COMMENTS = YES;
				CLANG_WARN_EMPTY_BODY = YES;
				CLANG_WARN_ENUM_CONVERSION = YES;
				CLANG_WARN_INFINITE_RECURSION = YES;
				CLANG_WARN_INT_CONVERSION = YES;
				CLANG_WARN_NON_LITERAL_NULL_CONVERSION = YES;
				CLANG_WARN_OBJC_IMPLICIT_RETAIN_SELF = YES;
				CLANG_WARN_OBJC_LITERAL_CONVERSION = YES;
				CLANG_WARN_OBJC_ROOT_CLASS = YES_ERROR;
				CLANG_WARN_QUOTED_INCLUDE_IN_FRAMEWORK_HEADER = YES;
				CLANG_WARN_RANGE_LOOP_ANALYSIS = YES;
				CLANG_WARN_STRICT_PROTOTYPES = YES;
				CLANG_WARN_SUSPICIOUS_MOVE = YES;
				CLANG_WARN_UNGUARDED_AVAILABILITY = YES_AGGRESSIVE;
				CLANG_WARN_UNREACHABLE_CODE = YES;
				CLANG_WARN__DUPLICATE_METHOD_MATCH = YES;
				COPY_PHASE_STRIP = NO;
				DEBUG_INFORMATION_FORMAT = dwarf;
				ENABLE_STRICT_OBJC_MSGSEND = YES;
				ENABLE_TESTABILITY = YES;
				GCC_C_LANGUAGE_STANDARD = gnu11;
				GCC_DYNAMIC_NO_PIC = NO;
				GCC_NO_COMMON_BLOCKS = YES;
				GCC_OPTIMIZATION_LEVEL = 0;
				GCC_PREPROCESSOR_DEFINITIONS = (
					"DEBUG=1",
					"$(inherited)",
				);
				GCC_WARN_64_TO_32_BIT_CONVERSION = YES;
				GCC_WARN_ABOUT_RETURN_TYPE = YES_ERROR;
				GCC_WARN_UNDECLARED_SELECTOR = YES;
				GCC_WARN_UNINITIALIZED_AUTOS = YES_AGGRESSIVE;
				GCC_WARN_UNUSED_FUNCTION = YES;
				GCC_WARN_UNUSED_VARIABLE = YES;
				IPHONEOS_DEPLOYMENT_TARGET = 14.5;
				MTL_ENABLE_DEBUG_INFO = INCLUDE_SOURCE;
				MTL_FAST_MATH = YES;
				ONLY_ACTIVE_ARCH = YES;
				SDKROOT = iphoneos;
			};
			name = Debug;
		};
		9948C30826BED69800C3EC8A /* Release */ = {
			isa = XCBuildConfiguration;
			buildSettings = {
				ALWAYS_SEARCH_USER_PATHS = NO;
				CLANG_ANALYZER_NONNULL = YES;
				CLANG_ANALYZER_NUMBER_OBJECT_CONVERSION = YES_AGGRESSIVE;
				CLANG_CXX_LANGUAGE_STANDARD = "gnu++14";
				CLANG_CXX_LIBRARY = "libc++";
				CLANG_ENABLE_MODULES = YES;
				CLANG_ENABLE_OBJC_ARC = YES;
				CLANG_ENABLE_OBJC_WEAK = YES;
				CLANG_WARN_BLOCK_CAPTURE_AUTORELEASING = YES;
				CLANG_WARN_BOOL_CONVERSION = YES;
				CLANG_WARN_COMMA = YES;
				CLANG_WARN_CONSTANT_CONVERSION = YES;
				CLANG_WARN_DEPRECATED_OBJC_IMPLEMENTATIONS = YES;
				CLANG_WARN_DIRECT_OBJC_ISA_USAGE = YES_ERROR;
				CLANG_WARN_DOCUMENTATION_COMMENTS = YES;
				CLANG_WARN_EMPTY_BODY = YES;
				CLANG_WARN_ENUM_CONVERSION = YES;
				CLANG_WARN_INFINITE_RECURSION = YES;
				CLANG_WARN_INT_CONVERSION = YES;
				CLANG_WARN_NON_LITERAL_NULL_CONVERSION = YES;
				CLANG_WARN_OBJC_IMPLICIT_RETAIN_SELF = YES;
				CLANG_WARN_OBJC_LITERAL_CONVERSION = YES;
				CLANG_WARN_OBJC_ROOT_CLASS = YES_ERROR;
				CLANG_WARN_QUOTED_INCLUDE_IN_FRAMEWORK_HEADER = YES;
				CLANG_WARN_RANGE_LOOP_ANALYSIS = YES;
				CLANG_WARN_STRICT_PROTOTYPES = YES;
				CLANG_WARN_SUSPICIOUS_MOVE = YES;
				CLANG_WARN_UNGUARDED_AVAILABILITY = YES_AGGRESSIVE;
				CLANG_WARN_UNREACHABLE_CODE = YES;
				CLANG_WARN__DUPLICATE_METHOD_MATCH = YES;
				COPY_PHASE_STRIP = NO;
				DEBUG_INFORMATION_FORMAT = "dwarf-with-dsym";
				ENABLE_NS_ASSERTIONS = NO;
				ENABLE_STRICT_OBJC_MSGSEND = YES;
				GCC_C_LANGUAGE_STANDARD = gnu11;
				GCC_NO_COMMON_BLOCKS = YES;
				GCC_WARN_64_TO_32_BIT_CONVERSION = YES;
				GCC_WARN_ABOUT_RETURN_TYPE = YES_ERROR;
				GCC_WARN_UNDECLARED_SELECTOR = YES;
				GCC_WARN_UNINITIALIZED_AUTOS = YES_AGGRESSIVE;
				GCC_WARN_UNUSED_FUNCTION = YES;
				GCC_WARN_UNUSED_VARIABLE = YES;
				IPHONEOS_DEPLOYMENT_TARGET = 14.5;
				MTL_ENABLE_DEBUG_INFO = NO;
				MTL_FAST_MATH = YES;
				SDKROOT = iphoneos;
				VALIDATE_PRODUCT = YES;
			};
			name = Release;
		};
		9948C30A26BED69800C3EC8A /* Debug */ = {
			isa = XCBuildConfiguration;
			buildSettings = {
				ASSETCATALOG_COMPILER_APPICON_NAME = AppIcon;
				ASSETCATALOG_COMPILER_GLOBAL_ACCENT_COLOR_NAME = AccentColor;
				CODE_SIGN_STYLE = Automatic;
				INFOPLIST_FILE = LLDB/Info.plist;
				LD_RUNPATH_SEARCH_PATHS = (
					"$(inherited)",
					"@executable_path/Frameworks",
				);
				PRODUCT_BUNDLE_IDENTIFIER = com.LX.LLDB;
				PRODUCT_NAME = "$(TARGET_NAME)";
				TARGETED_DEVICE_FAMILY = "1,2";
			};
			name = Debug;
		};
		9948C30B26BED69800C3EC8A /* Release */ = {
			isa = XCBuildConfiguration;
			buildSettings = {
				ASSETCATALOG_COMPILER_APPICON_NAME = AppIcon;
				ASSETCATALOG_COMPILER_GLOBAL_ACCENT_COLOR_NAME = AccentColor;
				CODE_SIGN_STYLE = Automatic;
				INFOPLIST_FILE = LLDB/Info.plist;
				LD_RUNPATH_SEARCH_PATHS = (
					"$(inherited)",
					"@executable_path/Frameworks",
				);
				PRODUCT_BUNDLE_IDENTIFIER = com.LX.LLDB;
				PRODUCT_NAME = "$(TARGET_NAME)";
				TARGETED_DEVICE_FAMILY = "1,2";
			};
			name = Release;
		};
/* End XCBuildConfiguration section */

/* Begin XCConfigurationList section */
		9948C2EB26BED69600C3EC8A /* Build configuration list for PBXProject "LLDB" */ = {
			isa = XCConfigurationList;
			buildConfigurations = (
				9948C30726BED69800C3EC8A /* Debug */,
				9948C30826BED69800C3EC8A /* Release */,
			);
			defaultConfigurationIsVisible = 0;
			defaultConfigurationName = Release;
		};
		9948C30926BED69800C3EC8A /* Build configuration list for PBXNativeTarget "LLDB" */ = {
			isa = XCConfigurationList;
			buildConfigurations = (
				9948C30A26BED69800C3EC8A /* Debug */,
				9948C30B26BED69800C3EC8A /* Release */,
			);
			defaultConfigurationIsVisible = 0;
			defaultConfigurationName = Release;
		};
/* End XCConfigurationList section */
	};
	rootObject = 9948C2E826BED69600C3EC8A /* Project object */;
}
