// !$*UTF8*$!
{
	archiveVersion = 1;
	classes = {
	};
	objectVersion = 50;
	objects = {

/* Begin PBXBuildFile section */
		128EF41C004D2948BAA66D0A /* Pods_TestiOS.framework in Frameworks */ = {isa = PBXBuildFile; fileRef = 9959D7B76F45DDC68603DE4B /* Pods_TestiOS.framework */; };
		2D7AD69122C2451C001D3021 /* AppDelegate.swift in Sources */ = {isa = PBXBuildFile; fileRef = 2D7AD69022C2451C001D3021 /* AppDelegate.swift */; };
		2D7AD69322C2451C001D3021 /* SceneDelegate.swift in Sources */ = {isa = PBXBuildFile; fileRef = 2D7AD69222C2451C001D3021 /* SceneDelegate.swift */; };
		2D7AD69522C2451C001D3021 /* ViewController.swift in Sources */ = {isa = PBXBuildFile; fileRef = 2D7AD69422C2451C001D3021 /* ViewController.swift */; };
		2D7AD69822C2451C001D3021 /* Main.storyboard in Resources */ = {isa = PBXBuildFile; fileRef = 2D7AD69622C2451C001D3021 /* Main.storyboard */; };
		2D7AD69A22C2451E001D3021 /* Assets.xcassets in Resources */ = {isa = PBXBuildFile; fileRef = 2D7AD69922C2451E001D3021 /* Assets.xcassets */; };
		2D7AD69D22C2451E001D3021 /* LaunchScreen.storyboard in Resources */ = {isa = PBXBuildFile; fileRef = 2D7AD69B22C2451E001D3021 /* LaunchScreen.storyboard */; };
		2DAA2E5322F9AF9C00163FCE /* Asyncs.swift in Sources */ = {isa = PBXBuildFile; fileRef = 2DAA2E5222F9AF9C00163FCE /* Asyncs.swift */; };
		2DAA2E5522F9B40700163FCE /* Cache.swift in Sources */ = {isa = PBXBuildFile; fileRef = 2DAA2E5422F9B40700163FCE /* Cache.swift */; };
/* End PBXBuildFile section */

/* Begin PBXFileReference section */
		2D7AD68D22C2451C001D3021 /* TestiOS.app */ = {isa = PBXFileReference; explicitFileType = wrapper.application; includeInIndex = 0; path = TestiOS.app; sourceTree = BUILT_PRODUCTS_DIR; };
		2D7AD69022C2451C001D3021 /* AppDelegate.swift */ = {isa = PBXFileReference; lastKnownFileType = sourcecode.swift; path = AppDelegate.swift; sourceTree = "<group>"; };
		2D7AD69222C2451C001D3021 /* SceneDelegate.swift */ = {isa = PBXFileReference; lastKnownFileType = sourcecode.swift; path = SceneDelegate.swift; sourceTree = "<group>"; };
		2D7AD69422C2451C001D3021 /* ViewController.swift */ = {isa = PBXFileReference; lastKnownFileType = sourcecode.swift; path = ViewController.swift; sourceTree = "<group>"; };
		2D7AD69722C2451C001D3021 /* Base */ = {isa = PBXFileReference; lastKnownFileType = file.storyboard; name = Base; path = Base.lproj/Main.storyboard; sourceTree = "<group>"; };
		2D7AD69922C2451E001D3021 /* Assets.xcassets */ = {isa = PBXFileReference; lastKnownFileType = folder.assetcatalog; path = Assets.xcassets; sourceTree = "<group>"; };
		2D7AD69C22C2451E001D3021 /* Base */ = {isa = PBXFileReference; lastKnownFileType = file.storyboard; name = Base; path = Base.lproj/LaunchScreen.storyboard; sourceTree = "<group>"; };
		2D7AD69E22C2451E001D3021 /* Info.plist */ = {isa = PBXFileReference; lastKnownFileType = text.plist.xml; path = Info.plist; sourceTree = "<group>"; };
		2DAA2E5222F9AF9C00163FCE /* Asyncs.swift */ = {isa = PBXFileReference; lastKnownFileType = sourcecode.swift; path = Asyncs.swift; sourceTree = "<group>"; };
		2DAA2E5422F9B40700163FCE /* Cache.swift */ = {isa = PBXFileReference; lastKnownFileType = sourcecode.swift; path = Cache.swift; sourceTree = "<group>"; };
		6D340428F69C37A071009AB3 /* Pods-TestiOS.release.xcconfig */ = {isa = PBXFileReference; includeInIndex = 1; lastKnownFileType = text.xcconfig; name = "Pods-TestiOS.release.xcconfig"; path = "Target Support Files/Pods-TestiOS/Pods-TestiOS.release.xcconfig"; sourceTree = "<group>"; };
		9959D7B76F45DDC68603DE4B /* Pods_TestiOS.framework */ = {isa = PBXFileReference; explicitFileType = wrapper.framework; includeInIndex = 0; path = Pods_TestiOS.framework; sourceTree = BUILT_PRODUCTS_DIR; };
		E7534B82A9BC0363F888272C /* Pods-TestiOS.debug.xcconfig */ = {isa = PBXFileReference; includeInIndex = 1; lastKnownFileType = text.xcconfig; name = "Pods-TestiOS.debug.xcconfig"; path = "Target Support Files/Pods-TestiOS/Pods-TestiOS.debug.xcconfig"; sourceTree = "<group>"; };
/* End PBXFileReference section */

/* Begin PBXFrameworksBuildPhase section */
		2D7AD68A22C2451C001D3021 /* Frameworks */ = {
			isa = PBXFrameworksBuildPhase;
			buildActionMask = 2147483647;
			files = (
				128EF41C004D2948BAA66D0A /* Pods_TestiOS.framework in Frameworks */,
			);
			runOnlyForDeploymentPostprocessing = 0;
		};
/* End PBXFrameworksBuildPhase section */

/* Begin PBXGroup section */
		2D7AD68422C2451C001D3021 = {
			isa = PBXGroup;
			children = (
				2D7AD68F22C2451C001D3021 /* TestiOS */,
				2D7AD68E22C2451C001D3021 /* Products */,
				AD53B597F425225CDD21964D /* Pods */,
				D8ABFFD8026DA6C9002283D0 /* Frameworks */,
			);
			sourceTree = "<group>";
		};
		2D7AD68E22C2451C001D3021 /* Products */ = {
			isa = PBXGroup;
			children = (
				2D7AD68D22C2451C001D3021 /* TestiOS.app */,
			);
			name = Products;
			sourceTree = "<group>";
		};
		2D7AD68F22C2451C001D3021 /* TestiOS */ = {
			isa = PBXGroup;
			children = (
				2D7AD69022C2451C001D3021 /* AppDelegate.swift */,
				2D7AD69222C2451C001D3021 /* SceneDelegate.swift */,
				2D7AD69422C2451C001D3021 /* ViewController.swift */,
				2D7AD69622C2451C001D3021 /* Main.storyboard */,
				2D7AD69922C2451E001D3021 /* Assets.xcassets */,
				2D7AD69B22C2451E001D3021 /* LaunchScreen.storyboard */,
				2D7AD69E22C2451E001D3021 /* Info.plist */,
				2DAA2E5222F9AF9C00163FCE /* Asyncs.swift */,
				2DAA2E5422F9B40700163FCE /* Cache.swift */,
			);
			path = TestiOS;
			sourceTree = "<group>";
		};
		AD53B597F425225CDD21964D /* Pods */ = {
			isa = PBXGroup;
			children = (
				E7534B82A9BC0363F888272C /* Pods-TestiOS.debug.xcconfig */,
				6D340428F69C37A071009AB3 /* Pods-TestiOS.release.xcconfig */,
			);
			name = Pods;
			path = Pods;
			sourceTree = "<group>";
		};
		D8ABFFD8026DA6C9002283D0 /* Frameworks */ = {
			isa = PBXGroup;
			children = (
				9959D7B76F45DDC68603DE4B /* Pods_TestiOS.framework */,
			);
			name = Frameworks;
			sourceTree = "<group>";
		};
/* End PBXGroup section */

/* Begin PBXNativeTarget section */
		2D7AD68C22C2451C001D3021 /* TestiOS */ = {
			isa = PBXNativeTarget;
			buildConfigurationList = 2D7AD6A122C2451E001D3021 /* Build configuration list for PBXNativeTarget "TestiOS" */;
			buildPhases = (
				F9799D0EEE3167CF1C37B0FB /* [CP] Check Pods Manifest.lock */,
				2D7AD68922C2451C001D3021 /* Sources */,
				2D7AD68A22C2451C001D3021 /* Frameworks */,
				2D7AD68B22C2451C001D3021 /* Resources */,
				AE211554FE3B900BD4AAE655 /* [CP] Embed Pods Frameworks */,
			);
			buildRules = (
			);
			dependencies = (
			);
			name = TestiOS;
			productName = TestiOS;
			productReference = 2D7AD68D22C2451C001D3021 /* TestiOS.app */;
			productType = "com.apple.product-type.application";
		};
/* End PBXNativeTarget section */

/* Begin PBXProject section */
		2D7AD68522C2451C001D3021 /* Project object */ = {
			isa = PBXProject;
			attributes = {
				LastSwiftUpdateCheck = 1100;
				LastUpgradeCheck = 1100;
				ORGANIZATIONNAME = "MJ Lee";
				TargetAttributes = {
					2D7AD68C22C2451C001D3021 = {
						CreatedOnToolsVersion = 11.0;
					};
				};
			};
			buildConfigurationList = 2D7AD68822C2451C001D3021 /* Build configuration list for PBXProject "TestiOS" */;
			compatibilityVersion = "Xcode 9.3";
			developmentRegion = en;
			hasScannedForEncodings = 0;
			knownRegions = (
				en,
				Base,
			);
			mainGroup = 2D7AD68422C2451C001D3021;
			productRefGroup = 2D7AD68E22C2451C001D3021 /* Products */;
			projectDirPath = "";
			projectRoot = "";
			targets = (
				2D7AD68C22C2451C001D3021 /* TestiOS */,
			);
		};
/* End PBXProject section */

/* Begin PBXResourcesBuildPhase section */
		2D7AD68B22C2451C001D3021 /* Resources */ = {
			isa = PBXResourcesBuildPhase;
			buildActionMask = 2147483647;
			files = (
				2D7AD69D22C2451E001D3021 /* LaunchScreen.storyboard in Resources */,
				2D7AD69A22C2451E001D3021 /* Assets.xcassets in Resources */,
				2D7AD69822C2451C001D3021 /* Main.storyboard in Resources */,
			);
			runOnlyForDeploymentPostprocessing = 0;
		};
/* End PBXResourcesBuildPhase section */

/* Begin PBXShellScriptBuildPhase section */
		AE211554FE3B900BD4AAE655 /* [CP] Embed Pods Frameworks */ = {
			isa = PBXShellScriptBuildPhase;
			buildActionMask = 2147483647;
			files = (
			);
			inputFileListPaths = (
				"${PODS_ROOT}/Target Support Files/Pods-TestiOS/Pods-TestiOS-frameworks-${CONFIGURATION}-input-files.xcfilelist",
			);
			name = "[CP] Embed Pods Frameworks";
			outputFileListPaths = (
				"${PODS_ROOT}/Target Support Files/Pods-TestiOS/Pods-TestiOS-frameworks-${CONFIGURATION}-output-files.xcfilelist",
			);
			runOnlyForDeploymentPostprocessing = 0;
			shellPath = /bin/sh;
			shellScript = "\"${PODS_ROOT}/Target Support Files/Pods-TestiOS/Pods-TestiOS-frameworks.sh\"\n";
			showEnvVarsInLog = 0;
		};
		F9799D0EEE3167CF1C37B0FB /* [CP] Check Pods Manifest.lock */ = {
			isa = PBXShellScriptBuildPhase;
			buildActionMask = 2147483647;
			files = (
			);
			inputFileListPaths = (
			);
			inputPaths = (
				"${PODS_PODFILE_DIR_PATH}/Podfile.lock",
				"${PODS_ROOT}/Manifest.lock",
			);
			name = "[CP] Check Pods Manifest.lock";
			outputFileListPaths = (
			);
			outputPaths = (
				"$(DERIVED_FILE_DIR)/Pods-TestiOS-checkManifestLockResult.txt",
			);
			runOnlyForDeploymentPostprocessing = 0;
			shellPath = /bin/sh;
			shellScript = "diff \"${PODS_PODFILE_DIR_PATH}/Podfile.lock\" \"${PODS_ROOT}/Manifest.lock\" > /dev/null\nif [ $? != 0 ] ; then\n    # print error to STDERR\n    echo \"error: The sandbox is not in sync with the Podfile.lock. Run 'pod install' or update your CocoaPods installation.\" >&2\n    exit 1\nfi\n# This output is used by Xcode 'outputs' to avoid re-running this script phase.\necho \"SUCCESS\" > \"${SCRIPT_OUTPUT_FILE_0}\"\n";
			showEnvVarsInLog = 0;
		};
/* End PBXShellScriptBuildPhase section */

/* Begin PBXSourcesBuildPhase section */
		2D7AD68922C2451C001D3021 /* Sources */ = {
			isa = PBXSourcesBuildPhase;
			buildActionMask = 2147483647;
			files = (
				2DAA2E5322F9AF9C00163FCE /* Asyncs.swift in Sources */,
				2DAA2E5522F9B40700163FCE /* Cache.swift in Sources */,
				2D7AD69522C2451C001D3021 /* ViewController.swift in Sources */,
				2D7AD69122C2451C001D3021 /* AppDelegate.swift in Sources */,
				2D7AD69322C2451C001D3021 /* SceneDelegate.swift in Sources */,
			);
			runOnlyForDeploymentPostprocessing = 0;
		};
/* End PBXSourcesBuildPhase section */

/* Begin PBXVariantGroup section */
		2D7AD69622C2451C001D3021 /* Main.storyboard */ = {
			isa = PBXVariantGroup;
			children = (
				2D7AD69722C2451C001D3021 /* Base */,
			);
			name = Main.storyboard;
			sourceTree = "<group>";
		};
		2D7AD69B22C2451E001D3021 /* LaunchScreen.storyboard */ = {
			isa = PBXVariantGroup;
			children = (
				2D7AD69C22C2451E001D3021 /* Base */,
			);
			name = LaunchScreen.storyboard;
			sourceTree = "<group>";
		};
/* End PBXVariantGroup section */

/* Begin XCBuildConfiguration section */
		2D7AD69F22C2451E001D3021 /* Debug */ = {
			isa = XCBuildConfiguration;
			buildSettings = {
				ALWAYS_SEARCH_USER_PATHS = NO;
				CLANG_ANALYZER_NONNULL = YES;
				CLANG_ANALYZER_NUMBER_OBJECT_CONVERSION = YES_AGGRESSIVE;
				CLANG_CXX_LANGUAGE_STANDARD = "gnu++14";
				CLANG_CXX_LIBRARY = "libc++";
				CLANG_ENABLE_MODULES = YES;
				CLANG_ENABLE_OBJC_ARC = YES;
				CLANG_ENABLE_OBJC_WEAK = YES;
				CLANG_WARN_BLOCK_CAPTURE_AUTORELEASING = YES;
				CLANG_WARN_BOOL_CONVERSION = YES;
				CLANG_WARN_COMMA = YES;
				CLANG_WARN_CONSTANT_CONVERSION = YES;
				CLANG_WARN_DEPRECATED_OBJC_IMPLEMENTATIONS = YES;
				CLANG_WARN_DIRECT_OBJC_ISA_USAGE = YES_ERROR;
				CLANG_WARN_DOCUMENTATION_COMMENTS = YES;
				CLANG_WARN_EMPTY_BODY = YES;
				CLANG_WARN_ENUM_CONVERSION = YES;
				CLANG_WARN_INFINITE_RECURSION = YES;
				CLANG_WARN_INT_CONVERSION = YES;
				CLANG_WARN_NON_LITERAL_NULL_CONVERSION = YES;
				CLANG_WARN_OBJC_IMPLICIT_RETAIN_SELF = YES;
				CLANG_WARN_OBJC_LITERAL_CONVERSION = YES;
				CLANG_WARN_OBJC_ROOT_CLASS = YES_ERROR;
				CLANG_WARN_RANGE_LOOP_ANALYSIS = YES;
				CLANG_WARN_STRICT_PROTOTYPES = YES;
				CLANG_WARN_SUSPICIOUS_MOVE = YES;
				CLANG_WARN_UNGUARDED_AVAILABILITY = YES_AGGRESSIVE;
				CLANG_WARN_UNREACHABLE_CODE = YES;
				CLANG_WARN__DUPLICATE_METHOD_MATCH = YES;
				COPY_PHASE_STRIP = NO;
				DEBUG_INFORMATION_FORMAT = dwarf;
				ENABLE_STRICT_OBJC_MSGSEND = YES;
				ENABLE_TESTABILITY = YES;
				GCC_C_LANGUAGE_STANDARD = gnu11;
				GCC_DYNAMIC_NO_PIC = NO;
				GCC_NO_COMMON_BLOCKS = YES;
				GCC_OPTIMIZATION_LEVEL = 0;
				GCC_PREPROCESSOR_DEFINITIONS = (
					"DEBUG=1",
					"$(inherited)",
				);
				GCC_WARN_64_TO_32_BIT_CONVERSION = YES;
				GCC_WARN_ABOUT_RETURN_TYPE = YES_ERROR;
				GCC_WARN_UNDECLARED_SELECTOR = YES;
				GCC_WARN_UNINITIALIZED_AUTOS = YES_AGGRESSIVE;
				GCC_WARN_UNUSED_FUNCTION = YES;
				GCC_WARN_UNUSED_VARIABLE = YES;
				IPHONEOS_DEPLOYMENT_TARGET = 13.0;
				MTL_ENABLE_DEBUG_INFO = INCLUDE_SOURCE;
				MTL_FAST_MATH = YES;
				ONLY_ACTIVE_ARCH = YES;
				SDKROOT = iphoneos;
				SWIFT_ACTIVE_COMPILATION_CONDITIONS = DEBUG;
				SWIFT_OPTIMIZATION_LEVEL = "-Onone";
			};
			name = Debug;
		};
		2D7AD6A022C2451E001D3021 /* Release */ = {
			isa = XCBuildConfiguration;
			buildSettings = {
				ALWAYS_SEARCH_USER_PATHS = NO;
				CLANG_ANALYZER_NONNULL = YES;
				CLANG_ANALYZER_NUMBER_OBJECT_CONVERSION = YES_AGGRESSIVE;
				CLANG_CXX_LANGUAGE_STANDARD = "gnu++14";
				CLANG_CXX_LIBRARY = "libc++";
				CLANG_ENABLE_MODULES = YES;
				CLANG_ENABLE_OBJC_ARC = YES;
				CLANG_ENABLE_OBJC_WEAK = YES;
				CLANG_WARN_BLOCK_CAPTURE_AUTORELEASING = YES;
				CLANG_WARN_BOOL_CONVERSION = YES;
				CLANG_WARN_COMMA = YES;
				CLANG_WARN_CONSTANT_CONVERSION = YES;
				CLANG_WARN_DEPRECATED_OBJC_IMPLEMENTATIONS = YES;
				CLANG_WARN_DIRECT_OBJC_ISA_USAGE = YES_ERROR;
				CLANG_WARN_DOCUMENTATION_COMMENTS = YES;
				CLANG_WARN_EMPTY_BODY = YES;
				CLANG_WARN_ENUM_CONVERSION = YES;
				CLANG_WARN_INFINITE_RECURSION = YES;
				CLANG_WARN_INT_CONVERSION = YES;
				CLANG_WARN_NON_LITERAL_NULL_CONVERSION = YES;
				CLANG_WARN_OBJC_IMPLICIT_RETAIN_SELF = YES;
				CLANG_WARN_OBJC_LITERAL_CONVERSION = YES;
				CLANG_WARN_OBJC_ROOT_CLASS = YES_ERROR;
				CLANG_WARN_RANGE_LOOP_ANALYSIS = YES;
				CLANG_WARN_STRICT_PROTOTYPES = YES;
				CLANG_WARN_SUSPICIOUS_MOVE = YES;
				CLANG_WARN_UNGUARDED_AVAILABILITY = YES_AGGRESSIVE;
				CLANG_WARN_UNREACHABLE_CODE = YES;
				CLANG_WARN__DUPLICATE_METHOD_MATCH = YES;
				COPY_PHASE_STRIP = NO;
				DEBUG_INFORMATION_FORMAT = "dwarf-with-dsym";
				ENABLE_NS_ASSERTIONS = NO;
				ENABLE_STRICT_OBJC_MSGSEND = YES;
				GCC_C_LANGUAGE_STANDARD = gnu11;
				GCC_NO_COMMON_BLOCKS = YES;
				GCC_WARN_64_TO_32_BIT_CONVERSION = YES;
				GCC_WARN_ABOUT_RETURN_TYPE = YES_ERROR;
				GCC_WARN_UNDECLARED_SELECTOR = YES;
				GCC_WARN_UNINITIALIZED_AUTOS = YES_AGGRESSIVE;
				GCC_WARN_UNUSED_FUNCTION = YES;
				GCC_WARN_UNUSED_VARIABLE = YES;
				IPHONEOS_DEPLOYMENT_TARGET = 13.0;
				MTL_ENABLE_DEBUG_INFO = NO;
				MTL_FAST_MATH = YES;
				SDKROOT = iphoneos;
				SWIFT_COMPILATION_MODE = wholemodule;
				SWIFT_OPTIMIZATION_LEVEL = "-O";
				VALIDATE_PRODUCT = YES;
			};
			name = Release;
		};
		2D7AD6A222C2451E001D3021 /* Debug */ = {
			isa = XCBuildConfiguration;
			baseConfigurationReference = E7534B82A9BC0363F888272C /* Pods-TestiOS.debug.xcconfig */;
			buildSettings = {
				ASSETCATALOG_COMPILER_APPICON_NAME = AppIcon;
				CODE_SIGN_STYLE = Automatic;
				INFOPLIST_FILE = TestiOS/Info.plist;
				LD_RUNPATH_SEARCH_PATHS = (
					"$(inherited)",
					"@executable_path/Frameworks",
				);
				PRODUCT_BUNDLE_IDENTIFIER = com.mj.TestiOS;
				PRODUCT_NAME = "$(TARGET_NAME)";
				SWIFT_VERSION = 5.0;
				TARGETED_DEVICE_FAMILY = "1,2";
			};
			name = Debug;
		};
		2D7AD6A322C2451E001D3021 /* Release */ = {
			isa = XCBuildConfiguration;
			baseConfigurationReference = 6D340428F69C37A071009AB3 /* Pods-TestiOS.release.xcconfig */;
			buildSettings = {
				ASSETCATALOG_COMPILER_APPICON_NAME = AppIcon;
				CODE_SIGN_STYLE = Automatic;
				INFOPLIST_FILE = TestiOS/Info.plist;
				LD_RUNPATH_SEARCH_PATHS = (
					"$(inherited)",
					"@executable_path/Frameworks",
				);
				PRODUCT_BUNDLE_IDENTIFIER = com.mj.TestiOS;
				PRODUCT_NAME = "$(TARGET_NAME)";
				SWIFT_VERSION = 5.0;
				TARGETED_DEVICE_FAMILY = "1,2";
			};
			name = Release;
		};
/* End XCBuildConfiguration section */

/* Begin XCConfigurationList section */
		2D7AD68822C2451C001D3021 /* Build configuration list for PBXProject "TestiOS" */ = {
			isa = XCConfigurationList;
			buildConfigurations = (
				2D7AD69F22C2451E001D3021 /* Debug */,
				2D7AD6A022C2451E001D3021 /* Release */,
			);
			defaultConfigurationIsVisible = 0;
			defaultConfigurationName = Release;
		};
		2D7AD6A122C2451E001D3021 /* Build configuration list for PBXNativeTarget "TestiOS" */ = {
			isa = XCConfigurationList;
			buildConfigurations = (
				2D7AD6A222C2451E001D3021 /* Debug */,
				2D7AD6A322C2451E001D3021 /* Release */,
			);
			defaultConfigurationIsVisible = 0;
			defaultConfigurationName = Release;
		};
/* End XCConfigurationList section */
	};
	rootObject = 2D7AD68522C2451C001D3021 /* Project object */;
}
