PODS:
  - Alamofire (5.2.1)
  - Moya (14.0.0):
    - Moya/Core (= 14.0.0)
  - Moya/Core (14.0.0):
    - Alamofire (~> 5.0)
  - SnapKit (5.0.1)
  - SVProgressHUD (2.2.5)

DEPENDENCIES:
  - Moya (~> 14.0)
  - SnapKit (~> 5.0.0)
  - SVProgressHUD

SPEC REPOS:
  trunk:
    - Alamofire
    - Moya
    - SnapKit
    - SVProgressHUD

SPEC CHECKSUMS:
  Alamofire: e911732990610fe89af59ac0077f923d72dc3dfd
  Moya: 5b45dacb75adb009f97fde91c204c1e565d31916
  SnapKit: 97b92857e3df3a0c71833cce143274bf6ef8e5eb
  SVProgressHUD: 1428aafac632c1f86f62aa4243ec12008d7a51d6

PODFILE CHECKSUM: 49696d225acc1953c6094ae2f863871d535ae8a3

COCOAPODS: 1.8.4
