// !$*UTF8*$!
{
	archiveVersion = 1;
	classes = {
	};
	objectVersion = 55;
	objects = {

/* Begin PBXBuildFile section */
		99848EAC2966E8B100FF8AB6 /* AppDelegate.swift in Sources */ = {isa = PBXBuildFile; fileRef = 99848EAB2966E8B100FF8AB6 /* AppDelegate.swift */; };
		99848EAE2966E8B100FF8AB6 /* SceneDelegate.swift in Sources */ = {isa = PBXBuildFile; fileRef = 99848EAD2966E8B100FF8AB6 /* SceneDelegate.swift */; };
		99848EB02966E8B100FF8AB6 /* ViewController.swift in Sources */ = {isa = PBXBuildFile; fileRef = 99848EAF2966E8B100FF8AB6 /* ViewController.swift */; };
		99848EB32966E8B100FF8AB6 /* Main.storyboard in Resources */ = {isa = PBXBuildFile; fileRef = 99848EB12966E8B100FF8AB6 /* Main.storyboard */; };
		99848EB52966E8B300FF8AB6 /* Assets.xcassets in Resources */ = {isa = PBXBuildFile; fileRef = 99848EB42966E8B300FF8AB6 /* Assets.xcassets */; };
		99848EB82966E8B300FF8AB6 /* LaunchScreen.storyboard in Resources */ = {isa = PBXBuildFile; fileRef = 99848EB62966E8B300FF8AB6 /* LaunchScreen.storyboard */; };
		99848EC02966E8DB00FF8AB6 /* main.swift in Sources */ = {isa = PBXBuildFile; fileRef = 99848EBF2966E8DB00FF8AB6 /* main.swift */; };
		99848EC22966E8FE00FF8AB6 /* MyApplication.swift in Sources */ = {isa = PBXBuildFile; fileRef = 99848EC12966E8FE00FF8AB6 /* MyApplication.swift */; };
/* End PBXBuildFile section */

/* Begin PBXFileReference section */
		99848EA82966E8B100FF8AB6 /* Main.app */ = {isa = PBXFileReference; explicitFileType = wrapper.application; includeInIndex = 0; path = Main.app; sourceTree = BUILT_PRODUCTS_DIR; };
		99848EAB2966E8B100FF8AB6 /* AppDelegate.swift */ = {isa = PBXFileReference; lastKnownFileType = sourcecode.swift; path = AppDelegate.swift; sourceTree = "<group>"; };
		99848EAD2966E8B100FF8AB6 /* SceneDelegate.swift */ = {isa = PBXFileReference; lastKnownFileType = sourcecode.swift; path = SceneDelegate.swift; sourceTree = "<group>"; };
		99848EAF2966E8B100FF8AB6 /* ViewController.swift */ = {isa = PBXFileReference; lastKnownFileType = sourcecode.swift; path = ViewController.swift; sourceTree = "<group>"; };
		99848EB22966E8B100FF8AB6 /* Base */ = {isa = PBXFileReference; lastKnownFileType = file.storyboard; name = Base; path = Base.lproj/Main.storyboard; sourceTree = "<group>"; };
		99848EB42966E8B300FF8AB6 /* Assets.xcassets */ = {isa = PBXFileReference; lastKnownFileType = folder.assetcatalog; path = Assets.xcassets; sourceTree = "<group>"; };
		99848EB72966E8B300FF8AB6 /* Base */ = {isa = PBXFileReference; lastKnownFileType = file.storyboard; name = Base; path = Base.lproj/LaunchScreen.storyboard; sourceTree = "<group>"; };
		99848EB92966E8B300FF8AB6 /* Info.plist */ = {isa = PBXFileReference; lastKnownFileType = text.plist.xml; path = Info.plist; sourceTree = "<group>"; };
		99848EBF2966E8DB00FF8AB6 /* main.swift */ = {isa = PBXFileReference; fileEncoding = 4; lastKnownFileType = sourcecode.swift; path = main.swift; sourceTree = "<group>"; };
		99848EC12966E8FE00FF8AB6 /* MyApplication.swift */ = {isa = PBXFileReference; lastKnownFileType = sourcecode.swift; path = MyApplication.swift; sourceTree = "<group>"; };
/* End PBXFileReference section */

/* Begin PBXFrameworksBuildPhase section */
		99848EA52966E8B100FF8AB6 /* Frameworks */ = {
			isa = PBXFrameworksBuildPhase;
			buildActionMask = 2147483647;
			files = (
			);
			runOnlyForDeploymentPostprocessing = 0;
		};
/* End PBXFrameworksBuildPhase section */

/* Begin PBXGroup section */
		99848E9F2966E8B100FF8AB6 = {
			isa = PBXGroup;
			children = (
				99848EAA2966E8B100FF8AB6 /* Main */,
				99848EA92966E8B100FF8AB6 /* Products */,
			);
			sourceTree = "<group>";
		};
		99848EA92966E8B100FF8AB6 /* Products */ = {
			isa = PBXGroup;
			children = (
				99848EA82966E8B100FF8AB6 /* Main.app */,
			);
			name = Products;
			sourceTree = "<group>";
		};
		99848EAA2966E8B100FF8AB6 /* Main */ = {
			isa = PBXGroup;
			children = (
				99848EC32966E9EF00FF8AB6 /* MyApplication */,
				99848EAB2966E8B100FF8AB6 /* AppDelegate.swift */,
				99848EAD2966E8B100FF8AB6 /* SceneDelegate.swift */,
				99848EAF2966E8B100FF8AB6 /* ViewController.swift */,
				99848EB12966E8B100FF8AB6 /* Main.storyboard */,
				99848EB42966E8B300FF8AB6 /* Assets.xcassets */,
				99848EB62966E8B300FF8AB6 /* LaunchScreen.storyboard */,
				99848EB92966E8B300FF8AB6 /* Info.plist */,
			);
			path = Main;
			sourceTree = "<group>";
		};
		99848EC32966E9EF00FF8AB6 /* MyApplication */ = {
			isa = PBXGroup;
			children = (
				99848EBF2966E8DB00FF8AB6 /* main.swift */,
				99848EC12966E8FE00FF8AB6 /* MyApplication.swift */,
			);
			path = MyApplication;
			sourceTree = "<group>";
		};
/* End PBXGroup section */

/* Begin PBXNativeTarget section */
		99848EA72966E8B100FF8AB6 /* Main */ = {
			isa = PBXNativeTarget;
			buildConfigurationList = 99848EBC2966E8B300FF8AB6 /* Build configuration list for PBXNativeTarget "Main" */;
			buildPhases = (
				99848EA42966E8B100FF8AB6 /* Sources */,
				99848EA52966E8B100FF8AB6 /* Frameworks */,
				99848EA62966E8B100FF8AB6 /* Resources */,
			);
			buildRules = (
			);
			dependencies = (
			);
			name = Main;
			productName = Main;
			productReference = 99848EA82966E8B100FF8AB6 /* Main.app */;
			productType = "com.apple.product-type.application";
		};
/* End PBXNativeTarget section */

/* Begin PBXProject section */
		99848EA02966E8B100FF8AB6 /* Project object */ = {
			isa = PBXProject;
			attributes = {
				BuildIndependentTargetsInParallel = 1;
				LastSwiftUpdateCheck = 1300;
				LastUpgradeCheck = 1300;
				TargetAttributes = {
					99848EA72966E8B100FF8AB6 = {
						CreatedOnToolsVersion = 13.0;
					};
				};
			};
			buildConfigurationList = 99848EA32966E8B100FF8AB6 /* Build configuration list for PBXProject "Main" */;
			compatibilityVersion = "Xcode 13.0";
			developmentRegion = en;
			hasScannedForEncodings = 0;
			knownRegions = (
				en,
				Base,
			);
			mainGroup = 99848E9F2966E8B100FF8AB6;
			productRefGroup = 99848EA92966E8B100FF8AB6 /* Products */;
			projectDirPath = "";
			projectRoot = "";
			targets = (
				99848EA72966E8B100FF8AB6 /* Main */,
			);
		};
/* End PBXProject section */

/* Begin PBXResourcesBuildPhase section */
		99848EA62966E8B100FF8AB6 /* Resources */ = {
			isa = PBXResourcesBuildPhase;
			buildActionMask = 2147483647;
			files = (
				99848EB82966E8B300FF8AB6 /* LaunchScreen.storyboard in Resources */,
				99848EB52966E8B300FF8AB6 /* Assets.xcassets in Resources */,
				99848EB32966E8B100FF8AB6 /* Main.storyboard in Resources */,
			);
			runOnlyForDeploymentPostprocessing = 0;
		};
/* End PBXResourcesBuildPhase section */

/* Begin PBXSourcesBuildPhase section */
		99848EA42966E8B100FF8AB6 /* Sources */ = {
			isa = PBXSourcesBuildPhase;
			buildActionMask = 2147483647;
			files = (
				99848EB02966E8B100FF8AB6 /* ViewController.swift in Sources */,
				99848EAC2966E8B100FF8AB6 /* AppDelegate.swift in Sources */,
				99848EC02966E8DB00FF8AB6 /* main.swift in Sources */,
				99848EC22966E8FE00FF8AB6 /* MyApplication.swift in Sources */,
				99848EAE2966E8B100FF8AB6 /* SceneDelegate.swift in Sources */,
			);
			runOnlyForDeploymentPostprocessing = 0;
		};
/* End PBXSourcesBuildPhase section */

/* Begin PBXVariantGroup section */
		99848EB12966E8B100FF8AB6 /* Main.storyboard */ = {
			isa = PBXVariantGroup;
			children = (
				99848EB22966E8B100FF8AB6 /* Base */,
			);
			name = Main.storyboard;
			sourceTree = "<group>";
		};
		99848EB62966E8B300FF8AB6 /* LaunchScreen.storyboard */ = {
			isa = PBXVariantGroup;
			children = (
				99848EB72966E8B300FF8AB6 /* Base */,
			);
			name = LaunchScreen.storyboard;
			sourceTree = "<group>";
		};
/* End PBXVariantGroup section */

/* Begin XCBuildConfiguration section */
		99848EBA2966E8B300FF8AB6 /* Debug */ = {
			isa = XCBuildConfiguration;
			buildSettings = {
				ALWAYS_SEARCH_USER_PATHS = NO;
				CLANG_ANALYZER_NONNULL = YES;
				CLANG_ANALYZER_NUMBER_OBJECT_CONVERSION = YES_AGGRESSIVE;
				CLANG_CXX_LANGUAGE_STANDARD = "gnu++17";
				CLANG_CXX_LIBRARY = "libc++";
				CLANG_ENABLE_MODULES = YES;
				CLANG_ENABLE_OBJC_ARC = YES;
				CLANG_ENABLE_OBJC_WEAK = YES;
				CLANG_WARN_BLOCK_CAPTURE_AUTORELEASING = YES;
				CLANG_WARN_BOOL_CONVERSION = YES;
				CLANG_WARN_COMMA = YES;
				CLANG_WARN_CONSTANT_CONVERSION = YES;
				CLANG_WARN_DEPRECATED_OBJC_IMPLEMENTATIONS = YES;
				CLANG_WARN_DIRECT_OBJC_ISA_USAGE = YES_ERROR;
				CLANG_WARN_DOCUMENTATION_COMMENTS = YES;
				CLANG_WARN_EMPTY_BODY = YES;
				CLANG_WARN_ENUM_CONVERSION = YES;
				CLANG_WARN_INFINITE_RECURSION = YES;
				CLANG_WARN_INT_CONVERSION = YES;
				CLANG_WARN_NON_LITERAL_NULL_CONVERSION = YES;
				CLANG_WARN_OBJC_IMPLICIT_RETAIN_SELF = YES;
				CLANG_WARN_OBJC_LITERAL_CONVERSION = YES;
				CLANG_WARN_OBJC_ROOT_CLASS = YES_ERROR;
				CLANG_WARN_QUOTED_INCLUDE_IN_FRAMEWORK_HEADER = YES;
				CLANG_WARN_RANGE_LOOP_ANALYSIS = YES;
				CLANG_WARN_STRICT_PROTOTYPES = YES;
				CLANG_WARN_SUSPICIOUS_MOVE = YES;
				CLANG_WARN_UNGUARDED_AVAILABILITY = YES_AGGRESSIVE;
				CLANG_WARN_UNREACHABLE_CODE = YES;
				CLANG_WARN__DUPLICATE_METHOD_MATCH = YES;
				COPY_PHASE_STRIP = NO;
				DEBUG_INFORMATION_FORMAT = dwarf;
				ENABLE_STRICT_OBJC_MSGSEND = YES;
				ENABLE_TESTABILITY = YES;
				GCC_C_LANGUAGE_STANDARD = gnu11;
				GCC_DYNAMIC_NO_PIC = NO;
				GCC_NO_COMMON_BLOCKS = YES;
				GCC_OPTIMIZATION_LEVEL = 0;
				GCC_PREPROCESSOR_DEFINITIONS = (
					"DEBUG=1",
					"$(inherited)",
				);
				GCC_WARN_64_TO_32_BIT_CONVERSION = YES;
				GCC_WARN_ABOUT_RETURN_TYPE = YES_ERROR;
				GCC_WARN_UNDECLARED_SELECTOR = YES;
				GCC_WARN_UNINITIALIZED_AUTOS = YES_AGGRESSIVE;
				GCC_WARN_UNUSED_FUNCTION = YES;
				GCC_WARN_UNUSED_VARIABLE = YES;
				IPHONEOS_DEPLOYMENT_TARGET = 15.0;
				MTL_ENABLE_DEBUG_INFO = INCLUDE_SOURCE;
				MTL_FAST_MATH = YES;
				ONLY_ACTIVE_ARCH = YES;
				SDKROOT = iphoneos;
				SWIFT_ACTIVE_COMPILATION_CONDITIONS = DEBUG;
				SWIFT_OPTIMIZATION_LEVEL = "-Onone";
			};
			name = Debug;
		};
		99848EBB2966E8B300FF8AB6 /* Release */ = {
			isa = XCBuildConfiguration;
			buildSettings = {
				ALWAYS_SEARCH_USER_PATHS = NO;
				CLANG_ANALYZER_NONNULL = YES;
				CLANG_ANALYZER_NUMBER_OBJECT_CONVERSION = YES_AGGRESSIVE;
				CLANG_CXX_LANGUAGE_STANDARD = "gnu++17";
				CLANG_CXX_LIBRARY = "libc++";
				CLANG_ENABLE_MODULES = YES;
				CLANG_ENABLE_OBJC_ARC = YES;
				CLANG_ENABLE_OBJC_WEAK = YES;
				CLANG_WARN_BLOCK_CAPTURE_AUTORELEASING = YES;
				CLANG_WARN_BOOL_CONVERSION = YES;
				CLANG_WARN_COMMA = YES;
				CLANG_WARN_CONSTANT_CONVERSION = YES;
				CLANG_WARN_DEPRECATED_OBJC_IMPLEMENTATIONS = YES;
				CLANG_WARN_DIRECT_OBJC_ISA_USAGE = YES_ERROR;
				CLANG_WARN_DOCUMENTATION_COMMENTS = YES;
				CLANG_WARN_EMPTY_BODY = YES;
				CLANG_WARN_ENUM_CONVERSION = YES;
				CLANG_WARN_INFINITE_RECURSION = YES;
				CLANG_WARN_INT_CONVERSION = YES;
				CLANG_WARN_NON_LITERAL_NULL_CONVERSION = YES;
				CLANG_WARN_OBJC_IMPLICIT_RETAIN_SELF = YES;
				CLANG_WARN_OBJC_LITERAL_CONVERSION = YES;
				CLANG_WARN_OBJC_ROOT_CLASS = YES_ERROR;
				CLANG_WARN_QUOTED_INCLUDE_IN_FRAMEWORK_HEADER = YES;
				CLANG_WARN_RANGE_LOOP_ANALYSIS = YES;
				CLANG_WARN_STRICT_PROTOTYPES = YES;
				CLANG_WARN_SUSPICIOUS_MOVE = YES;
				CLANG_WARN_UNGUARDED_AVAILABILITY = YES_AGGRESSIVE;
				CLANG_WARN_UNREACHABLE_CODE = YES;
				CLANG_WARN__DUPLICATE_METHOD_MATCH = YES;
				COPY_PHASE_STRIP = NO;
				DEBUG_INFORMATION_FORMAT = "dwarf-with-dsym";
				ENABLE_NS_ASSERTIONS = NO;
				ENABLE_STRICT_OBJC_MSGSEND = YES;
				GCC_C_LANGUAGE_STANDARD = gnu11;
				GCC_NO_COMMON_BLOCKS = YES;
				GCC_WARN_64_TO_32_BIT_CONVERSION = YES;
				GCC_WARN_ABOUT_RETURN_TYPE = YES_ERROR;
				GCC_WARN_UNDECLARED_SELECTOR = YES;
				GCC_WARN_UNINITIALIZED_AUTOS = YES_AGGRESSIVE;
				GCC_WARN_UNUSED_FUNCTION = YES;
				GCC_WARN_UNUSED_VARIABLE = YES;
				IPHONEOS_DEPLOYMENT_TARGET = 15.0;
				MTL_ENABLE_DEBUG_INFO = NO;
				MTL_FAST_MATH = YES;
				SDKROOT = iphoneos;
				SWIFT_COMPILATION_MODE = wholemodule;
				SWIFT_OPTIMIZATION_LEVEL = "-O";
				VALIDATE_PRODUCT = YES;
			};
			name = Release;
		};
		99848EBD2966E8B300FF8AB6 /* Debug */ = {
			isa = XCBuildConfiguration;
			buildSettings = {
				ASSETCATALOG_COMPILER_APPICON_NAME = AppIcon;
				ASSETCATALOG_COMPILER_GLOBAL_ACCENT_COLOR_NAME = AccentColor;
				CODE_SIGN_STYLE = Automatic;
				CURRENT_PROJECT_VERSION = 1;
				GENERATE_INFOPLIST_FILE = YES;
				INFOPLIST_FILE = Main/Info.plist;
				INFOPLIST_KEY_UIApplicationSupportsIndirectInputEvents = YES;
				INFOPLIST_KEY_UILaunchStoryboardName = LaunchScreen;
				INFOPLIST_KEY_UIMainStoryboardFile = Main;
				INFOPLIST_KEY_UISupportedInterfaceOrientations_iPad = "UIInterfaceOrientationPortrait UIInterfaceOrientationPortraitUpsideDown UIInterfaceOrientationLandscapeLeft UIInterfaceOrientationLandscapeRight";
				INFOPLIST_KEY_UISupportedInterfaceOrientations_iPhone = "UIInterfaceOrientationPortrait UIInterfaceOrientationLandscapeLeft UIInterfaceOrientationLandscapeRight";
				LD_RUNPATH_SEARCH_PATHS = (
					"$(inherited)",
					"@executable_path/Frameworks",
				);
				MARKETING_VERSION = 1.0;
				PRODUCT_BUNDLE_IDENTIFIER = com.linx.Main;
				PRODUCT_NAME = "$(TARGET_NAME)";
				SWIFT_EMIT_LOC_STRINGS = YES;
				SWIFT_VERSION = 5.0;
				TARGETED_DEVICE_FAMILY = "1,2";
			};
			name = Debug;
		};
		99848EBE2966E8B300FF8AB6 /* Release */ = {
			isa = XCBuildConfiguration;
			buildSettings = {
				ASSETCATALOG_COMPILER_APPICON_NAME = AppIcon;
				ASSETCATALOG_COMPILER_GLOBAL_ACCENT_COLOR_NAME = AccentColor;
				CODE_SIGN_STYLE = Automatic;
				CURRENT_PROJECT_VERSION = 1;
				GENERATE_INFOPLIST_FILE = YES;
				INFOPLIST_FILE = Main/Info.plist;
				INFOPLIST_KEY_UIApplicationSupportsIndirectInputEvents = YES;
				INFOPLIST_KEY_UILaunchStoryboardName = LaunchScreen;
				INFOPLIST_KEY_UIMainStoryboardFile = Main;
				INFOPLIST_KEY_UISupportedInterfaceOrientations_iPad = "UIInterfaceOrientationPortrait UIInterfaceOrientationPortraitUpsideDown UIInterfaceOrientationLandscapeLeft UIInterfaceOrientationLandscapeRight";
				INFOPLIST_KEY_UISupportedInterfaceOrientations_iPhone = "UIInterfaceOrientationPortrait UIInterfaceOrientationLandscapeLeft UIInterfaceOrientationLandscapeRight";
				LD_RUNPATH_SEARCH_PATHS = (
					"$(inherited)",
					"@executable_path/Frameworks",
				);
				MARKETING_VERSION = 1.0;
				PRODUCT_BUNDLE_IDENTIFIER = com.linx.Main;
				PRODUCT_NAME = "$(TARGET_NAME)";
				SWIFT_EMIT_LOC_STRINGS = YES;
				SWIFT_VERSION = 5.0;
				TARGETED_DEVICE_FAMILY = "1,2";
			};
			name = Release;
		};
/* End XCBuildConfiguration section */

/* Begin XCConfigurationList section */
		99848EA32966E8B100FF8AB6 /* Build configuration list for PBXProject "Main" */ = {
			isa = XCConfigurationList;
			buildConfigurations = (
				99848EBA2966E8B300FF8AB6 /* Debug */,
				99848EBB2966E8B300FF8AB6 /* Release */,
			);
			defaultConfigurationIsVisible = 0;
			defaultConfigurationName = Release;
		};
		99848EBC2966E8B300FF8AB6 /* Build configuration list for PBXNativeTarget "Main" */ = {
			isa = XCConfigurationList;
			buildConfigurations = (
				99848EBD2966E8B300FF8AB6 /* Debug */,
				99848EBE2966E8B300FF8AB6 /* Release */,
			);
			defaultConfigurationIsVisible = 0;
			defaultConfigurationName = Release;
		};
/* End XCConfigurationList section */
	};
	rootObject = 99848EA02966E8B100FF8AB6 /* Project object */;
}
