// !$*UTF8*$!
{
	archiveVersion = 1;
	classes = {
	};
	objectVersion = 55;
	objects = {

/* Begin PBXBuildFile section */
		9905012F296D0CF50077119F /* AppDelegate.swift in Sources */ = {isa = PBXBuildFile; fileRef = 9905012E296D0CF50077119F /* AppDelegate.swift */; };
		99050131296D0CF50077119F /* SceneDelegate.swift in Sources */ = {isa = PBXBuildFile; fileRef = 99050130296D0CF50077119F /* SceneDelegate.swift */; };
		99050133296D0CF50077119F /* ViewController.swift in Sources */ = {isa = PBXBuildFile; fileRef = 99050132296D0CF50077119F /* ViewController.swift */; };
		99050136296D0CF50077119F /* Main.storyboard in Resources */ = {isa = PBXBuildFile; fileRef = 99050134296D0CF50077119F /* Main.storyboard */; };
		99050138296D0CF70077119F /* Assets.xcassets in Resources */ = {isa = PBXBuildFile; fileRef = 99050137296D0CF70077119F /* Assets.xcassets */; };
		9905013B296D0CF70077119F /* LaunchScreen.storyboard in Resources */ = {isa = PBXBuildFile; fileRef = 99050139296D0CF70077119F /* LaunchScreen.storyboard */; };
		99050149296D0D020077119F /* ForEach_DemoTests.swift in Sources */ = {isa = PBXBuildFile; fileRef = 99050148296D0D020077119F /* ForEach_DemoTests.swift */; };
/* End PBXBuildFile section */

/* Begin PBXContainerItemProxy section */
		9905014A296D0D020077119F /* PBXContainerItemProxy */ = {
			isa = PBXContainerItemProxy;
			containerPortal = 99050123296D0CF50077119F /* Project object */;
			proxyType = 1;
			remoteGlobalIDString = 9905012A296D0CF50077119F;
			remoteInfo = ForEach_Demo;
		};
/* End PBXContainerItemProxy section */

/* Begin PBXFileReference section */
		9905012B296D0CF50077119F /* ForEach_Demo.app */ = {isa = PBXFileReference; explicitFileType = wrapper.application; includeInIndex = 0; path = ForEach_Demo.app; sourceTree = BUILT_PRODUCTS_DIR; };
		9905012E296D0CF50077119F /* AppDelegate.swift */ = {isa = PBXFileReference; lastKnownFileType = sourcecode.swift; path = AppDelegate.swift; sourceTree = "<group>"; };
		99050130296D0CF50077119F /* SceneDelegate.swift */ = {isa = PBXFileReference; lastKnownFileType = sourcecode.swift; path = SceneDelegate.swift; sourceTree = "<group>"; };
		99050132296D0CF50077119F /* ViewController.swift */ = {isa = PBXFileReference; lastKnownFileType = sourcecode.swift; path = ViewController.swift; sourceTree = "<group>"; };
		99050135296D0CF50077119F /* Base */ = {isa = PBXFileReference; lastKnownFileType = file.storyboard; name = Base; path = Base.lproj/Main.storyboard; sourceTree = "<group>"; };
		99050137296D0CF70077119F /* Assets.xcassets */ = {isa = PBXFileReference; lastKnownFileType = folder.assetcatalog; path = Assets.xcassets; sourceTree = "<group>"; };
		9905013A296D0CF70077119F /* Base */ = {isa = PBXFileReference; lastKnownFileType = file.storyboard; name = Base; path = Base.lproj/LaunchScreen.storyboard; sourceTree = "<group>"; };
		9905013C296D0CF70077119F /* Info.plist */ = {isa = PBXFileReference; lastKnownFileType = text.plist.xml; path = Info.plist; sourceTree = "<group>"; };
		99050146296D0D020077119F /* ForEach_DemoTests.xctest */ = {isa = PBXFileReference; explicitFileType = wrapper.cfbundle; includeInIndex = 0; path = ForEach_DemoTests.xctest; sourceTree = BUILT_PRODUCTS_DIR; };
		99050148296D0D020077119F /* ForEach_DemoTests.swift */ = {isa = PBXFileReference; lastKnownFileType = sourcecode.swift; path = ForEach_DemoTests.swift; sourceTree = "<group>"; };
/* End PBXFileReference section */

/* Begin PBXFrameworksBuildPhase section */
		99050128296D0CF50077119F /* Frameworks */ = {
			isa = PBXFrameworksBuildPhase;
			buildActionMask = 2147483647;
			files = (
			);
			runOnlyForDeploymentPostprocessing = 0;
		};
		99050143296D0D020077119F /* Frameworks */ = {
			isa = PBXFrameworksBuildPhase;
			buildActionMask = 2147483647;
			files = (
			);
			runOnlyForDeploymentPostprocessing = 0;
		};
/* End PBXFrameworksBuildPhase section */

/* Begin PBXGroup section */
		99050122296D0CF50077119F = {
			isa = PBXGroup;
			children = (
				9905012D296D0CF50077119F /* ForEach_Demo */,
				99050147296D0D020077119F /* ForEach_DemoTests */,
				9905012C296D0CF50077119F /* Products */,
			);
			sourceTree = "<group>";
		};
		9905012C296D0CF50077119F /* Products */ = {
			isa = PBXGroup;
			children = (
				9905012B296D0CF50077119F /* ForEach_Demo.app */,
				99050146296D0D020077119F /* ForEach_DemoTests.xctest */,
			);
			name = Products;
			sourceTree = "<group>";
		};
		9905012D296D0CF50077119F /* ForEach_Demo */ = {
			isa = PBXGroup;
			children = (
				9905012E296D0CF50077119F /* AppDelegate.swift */,
				99050130296D0CF50077119F /* SceneDelegate.swift */,
				99050132296D0CF50077119F /* ViewController.swift */,
				99050134296D0CF50077119F /* Main.storyboard */,
				99050137296D0CF70077119F /* Assets.xcassets */,
				99050139296D0CF70077119F /* LaunchScreen.storyboard */,
				9905013C296D0CF70077119F /* Info.plist */,
			);
			path = ForEach_Demo;
			sourceTree = "<group>";
		};
		99050147296D0D020077119F /* ForEach_DemoTests */ = {
			isa = PBXGroup;
			children = (
				99050148296D0D020077119F /* ForEach_DemoTests.swift */,
			);
			path = ForEach_DemoTests;
			sourceTree = "<group>";
		};
/* End PBXGroup section */

/* Begin PBXNativeTarget section */
		9905012A296D0CF50077119F /* ForEach_Demo */ = {
			isa = PBXNativeTarget;
			buildConfigurationList = 9905013F296D0CF70077119F /* Build configuration list for PBXNativeTarget "ForEach_Demo" */;
			buildPhases = (
				99050127296D0CF50077119F /* Sources */,
				99050128296D0CF50077119F /* Frameworks */,
				99050129296D0CF50077119F /* Resources */,
			);
			buildRules = (
			);
			dependencies = (
			);
			name = ForEach_Demo;
			productName = ForEach_Demo;
			productReference = 9905012B296D0CF50077119F /* ForEach_Demo.app */;
			productType = "com.apple.product-type.application";
		};
		99050145296D0D020077119F /* ForEach_DemoTests */ = {
			isa = PBXNativeTarget;
			buildConfigurationList = 9905014C296D0D020077119F /* Build configuration list for PBXNativeTarget "ForEach_DemoTests" */;
			buildPhases = (
				99050142296D0D020077119F /* Sources */,
				99050143296D0D020077119F /* Frameworks */,
				99050144296D0D020077119F /* Resources */,
			);
			buildRules = (
			);
			dependencies = (
				9905014B296D0D020077119F /* PBXTargetDependency */,
			);
			name = ForEach_DemoTests;
			productName = ForEach_DemoTests;
			productReference = 99050146296D0D020077119F /* ForEach_DemoTests.xctest */;
			productType = "com.apple.product-type.bundle.unit-test";
		};
/* End PBXNativeTarget section */

/* Begin PBXProject section */
		99050123296D0CF50077119F /* Project object */ = {
			isa = PBXProject;
			attributes = {
				BuildIndependentTargetsInParallel = 1;
				LastSwiftUpdateCheck = 1300;
				LastUpgradeCheck = 1300;
				TargetAttributes = {
					9905012A296D0CF50077119F = {
						CreatedOnToolsVersion = 13.0;
					};
					99050145296D0D020077119F = {
						CreatedOnToolsVersion = 13.0;
						TestTargetID = 9905012A296D0CF50077119F;
					};
				};
			};
			buildConfigurationList = 99050126296D0CF50077119F /* Build configuration list for PBXProject "ForEach_Demo" */;
			compatibilityVersion = "Xcode 13.0";
			developmentRegion = en;
			hasScannedForEncodings = 0;
			knownRegions = (
				en,
				Base,
			);
			mainGroup = 99050122296D0CF50077119F;
			productRefGroup = 9905012C296D0CF50077119F /* Products */;
			projectDirPath = "";
			projectRoot = "";
			targets = (
				9905012A296D0CF50077119F /* ForEach_Demo */,
				99050145296D0D020077119F /* ForEach_DemoTests */,
			);
		};
/* End PBXProject section */

/* Begin PBXResourcesBuildPhase section */
		99050129296D0CF50077119F /* Resources */ = {
			isa = PBXResourcesBuildPhase;
			buildActionMask = 2147483647;
			files = (
				9905013B296D0CF70077119F /* LaunchScreen.storyboard in Resources */,
				99050138296D0CF70077119F /* Assets.xcassets in Resources */,
				99050136296D0CF50077119F /* Main.storyboard in Resources */,
			);
			runOnlyForDeploymentPostprocessing = 0;
		};
		99050144296D0D020077119F /* Resources */ = {
			isa = PBXResourcesBuildPhase;
			buildActionMask = 2147483647;
			files = (
			);
			runOnlyForDeploymentPostprocessing = 0;
		};
/* End PBXResourcesBuildPhase section */

/* Begin PBXSourcesBuildPhase section */
		99050127296D0CF50077119F /* Sources */ = {
			isa = PBXSourcesBuildPhase;
			buildActionMask = 2147483647;
			files = (
				99050133296D0CF50077119F /* ViewController.swift in Sources */,
				9905012F296D0CF50077119F /* AppDelegate.swift in Sources */,
				99050131296D0CF50077119F /* SceneDelegate.swift in Sources */,
			);
			runOnlyForDeploymentPostprocessing = 0;
		};
		99050142296D0D020077119F /* Sources */ = {
			isa = PBXSourcesBuildPhase;
			buildActionMask = 2147483647;
			files = (
				99050149296D0D020077119F /* ForEach_DemoTests.swift in Sources */,
			);
			runOnlyForDeploymentPostprocessing = 0;
		};
/* End PBXSourcesBuildPhase section */

/* Begin PBXTargetDependency section */
		9905014B296D0D020077119F /* PBXTargetDependency */ = {
			isa = PBXTargetDependency;
			target = 9905012A296D0CF50077119F /* ForEach_Demo */;
			targetProxy = 9905014A296D0D020077119F /* PBXContainerItemProxy */;
		};
/* End PBXTargetDependency section */

/* Begin PBXVariantGroup section */
		99050134296D0CF50077119F /* Main.storyboard */ = {
			isa = PBXVariantGroup;
			children = (
				99050135296D0CF50077119F /* Base */,
			);
			name = Main.storyboard;
			sourceTree = "<group>";
		};
		99050139296D0CF70077119F /* LaunchScreen.storyboard */ = {
			isa = PBXVariantGroup;
			children = (
				9905013A296D0CF70077119F /* Base */,
			);
			name = LaunchScreen.storyboard;
			sourceTree = "<group>";
		};
/* End PBXVariantGroup section */

/* Begin XCBuildConfiguration section */
		9905013D296D0CF70077119F /* Debug */ = {
			isa = XCBuildConfiguration;
			buildSettings = {
				ALWAYS_SEARCH_USER_PATHS = NO;
				CLANG_ANALYZER_NONNULL = YES;
				CLANG_ANALYZER_NUMBER_OBJECT_CONVERSION = YES_AGGRESSIVE;
				CLANG_CXX_LANGUAGE_STANDARD = "gnu++17";
				CLANG_CXX_LIBRARY = "libc++";
				CLANG_ENABLE_MODULES = YES;
				CLANG_ENABLE_OBJC_ARC = YES;
				CLANG_ENABLE_OBJC_WEAK = YES;
				CLANG_WARN_BLOCK_CAPTURE_AUTORELEASING = YES;
				CLANG_WARN_BOOL_CONVERSION = YES;
				CLANG_WARN_COMMA = YES;
				CLANG_WARN_CONSTANT_CONVERSION = YES;
				CLANG_WARN_DEPRECATED_OBJC_IMPLEMENTATIONS = YES;
				CLANG_WARN_DIRECT_OBJC_ISA_USAGE = YES_ERROR;
				CLANG_WARN_DOCUMENTATION_COMMENTS = YES;
				CLANG_WARN_EMPTY_BODY = YES;
				CLANG_WARN_ENUM_CONVERSION = YES;
				CLANG_WARN_INFINITE_RECURSION = YES;
				CLANG_WARN_INT_CONVERSION = YES;
				CLANG_WARN_NON_LITERAL_NULL_CONVERSION = YES;
				CLANG_WARN_OBJC_IMPLICIT_RETAIN_SELF = YES;
				CLANG_WARN_OBJC_LITERAL_CONVERSION = YES;
				CLANG_WARN_OBJC_ROOT_CLASS = YES_ERROR;
				CLANG_WARN_QUOTED_INCLUDE_IN_FRAMEWORK_HEADER = YES;
				CLANG_WARN_RANGE_LOOP_ANALYSIS = YES;
				CLANG_WARN_STRICT_PROTOTYPES = YES;
				CLANG_WARN_SUSPICIOUS_MOVE = YES;
				CLANG_WARN_UNGUARDED_AVAILABILITY = YES_AGGRESSIVE;
				CLANG_WARN_UNREACHABLE_CODE = YES;
				CLANG_WARN__DUPLICATE_METHOD_MATCH = YES;
				COPY_PHASE_STRIP = NO;
				DEBUG_INFORMATION_FORMAT = dwarf;
				ENABLE_STRICT_OBJC_MSGSEND = YES;
				ENABLE_TESTABILITY = YES;
				GCC_C_LANGUAGE_STANDARD = gnu11;
				GCC_DYNAMIC_NO_PIC = NO;
				GCC_NO_COMMON_BLOCKS = YES;
				GCC_OPTIMIZATION_LEVEL = 0;
				GCC_PREPROCESSOR_DEFINITIONS = (
					"DEBUG=1",
					"$(inherited)",
				);
				GCC_WARN_64_TO_32_BIT_CONVERSION = YES;
				GCC_WARN_ABOUT_RETURN_TYPE = YES_ERROR;
				GCC_WARN_UNDECLARED_SELECTOR = YES;
				GCC_WARN_UNINITIALIZED_AUTOS = YES_AGGRESSIVE;
				GCC_WARN_UNUSED_FUNCTION = YES;
				GCC_WARN_UNUSED_VARIABLE = YES;
				IPHONEOS_DEPLOYMENT_TARGET = 15.0;
				MTL_ENABLE_DEBUG_INFO = INCLUDE_SOURCE;
				MTL_FAST_MATH = YES;
				ONLY_ACTIVE_ARCH = YES;
				SDKROOT = iphoneos;
				SWIFT_ACTIVE_COMPILATION_CONDITIONS = DEBUG;
				SWIFT_OPTIMIZATION_LEVEL = "-Onone";
			};
			name = Debug;
		};
		9905013E296D0CF70077119F /* Release */ = {
			isa = XCBuildConfiguration;
			buildSettings = {
				ALWAYS_SEARCH_USER_PATHS = NO;
				CLANG_ANALYZER_NONNULL = YES;
				CLANG_ANALYZER_NUMBER_OBJECT_CONVERSION = YES_AGGRESSIVE;
				CLANG_CXX_LANGUAGE_STANDARD = "gnu++17";
				CLANG_CXX_LIBRARY = "libc++";
				CLANG_ENABLE_MODULES = YES;
				CLANG_ENABLE_OBJC_ARC = YES;
				CLANG_ENABLE_OBJC_WEAK = YES;
				CLANG_WARN_BLOCK_CAPTURE_AUTORELEASING = YES;
				CLANG_WARN_BOOL_CONVERSION = YES;
				CLANG_WARN_COMMA = YES;
				CLANG_WARN_CONSTANT_CONVERSION = YES;
				CLANG_WARN_DEPRECATED_OBJC_IMPLEMENTATIONS = YES;
				CLANG_WARN_DIRECT_OBJC_ISA_USAGE = YES_ERROR;
				CLANG_WARN_DOCUMENTATION_COMMENTS = YES;
				CLANG_WARN_EMPTY_BODY = YES;
				CLANG_WARN_ENUM_CONVERSION = YES;
				CLANG_WARN_INFINITE_RECURSION = YES;
				CLANG_WARN_INT_CONVERSION = YES;
				CLANG_WARN_NON_LITERAL_NULL_CONVERSION = YES;
				CLANG_WARN_OBJC_IMPLICIT_RETAIN_SELF = YES;
				CLANG_WARN_OBJC_LITERAL_CONVERSION = YES;
				CLANG_WARN_OBJC_ROOT_CLASS = YES_ERROR;
				CLANG_WARN_QUOTED_INCLUDE_IN_FRAMEWORK_HEADER = YES;
				CLANG_WARN_RANGE_LOOP_ANALYSIS = YES;
				CLANG_WARN_STRICT_PROTOTYPES = YES;
				CLANG_WARN_SUSPICIOUS_MOVE = YES;
				CLANG_WARN_UNGUARDED_AVAILABILITY = YES_AGGRESSIVE;
				CLANG_WARN_UNREACHABLE_CODE = YES;
				CLANG_WARN__DUPLICATE_METHOD_MATCH = YES;
				COPY_PHASE_STRIP = NO;
				DEBUG_INFORMATION_FORMAT = "dwarf-with-dsym";
				ENABLE_NS_ASSERTIONS = NO;
				ENABLE_STRICT_OBJC_MSGSEND = YES;
				GCC_C_LANGUAGE_STANDARD = gnu11;
				GCC_NO_COMMON_BLOCKS = YES;
				GCC_WARN_64_TO_32_BIT_CONVERSION = YES;
				GCC_WARN_ABOUT_RETURN_TYPE = YES_ERROR;
				GCC_WARN_UNDECLARED_SELECTOR = YES;
				GCC_WARN_UNINITIALIZED_AUTOS = YES_AGGRESSIVE;
				GCC_WARN_UNUSED_FUNCTION = YES;
				GCC_WARN_UNUSED_VARIABLE = YES;
				IPHONEOS_DEPLOYMENT_TARGET = 15.0;
				MTL_ENABLE_DEBUG_INFO = NO;
				MTL_FAST_MATH = YES;
				SDKROOT = iphoneos;
				SWIFT_COMPILATION_MODE = wholemodule;
				SWIFT_OPTIMIZATION_LEVEL = "-O";
				VALIDATE_PRODUCT = YES;
			};
			name = Release;
		};
		99050140296D0CF70077119F /* Debug */ = {
			isa = XCBuildConfiguration;
			buildSettings = {
				ASSETCATALOG_COMPILER_APPICON_NAME = AppIcon;
				ASSETCATALOG_COMPILER_GLOBAL_ACCENT_COLOR_NAME = AccentColor;
				CODE_SIGN_STYLE = Automatic;
				CURRENT_PROJECT_VERSION = 1;
				GENERATE_INFOPLIST_FILE = YES;
				INFOPLIST_FILE = ForEach_Demo/Info.plist;
				INFOPLIST_KEY_UIApplicationSupportsIndirectInputEvents = YES;
				INFOPLIST_KEY_UILaunchStoryboardName = LaunchScreen;
				INFOPLIST_KEY_UIMainStoryboardFile = Main;
				INFOPLIST_KEY_UISupportedInterfaceOrientations_iPad = "UIInterfaceOrientationPortrait UIInterfaceOrientationPortraitUpsideDown UIInterfaceOrientationLandscapeLeft UIInterfaceOrientationLandscapeRight";
				INFOPLIST_KEY_UISupportedInterfaceOrientations_iPhone = "UIInterfaceOrientationPortrait UIInterfaceOrientationLandscapeLeft UIInterfaceOrientationLandscapeRight";
				LD_RUNPATH_SEARCH_PATHS = (
					"$(inherited)",
					"@executable_path/Frameworks",
				);
				MARKETING_VERSION = 1.0;
				PRODUCT_BUNDLE_IDENTIFIER = "com.linx.ForEach-Demo";
				PRODUCT_NAME = "$(TARGET_NAME)";
				SWIFT_EMIT_LOC_STRINGS = YES;
				SWIFT_VERSION = 5.0;
				TARGETED_DEVICE_FAMILY = "1,2";
			};
			name = Debug;
		};
		99050141296D0CF70077119F /* Release */ = {
			isa = XCBuildConfiguration;
			buildSettings = {
				ASSETCATALOG_COMPILER_APPICON_NAME = AppIcon;
				ASSETCATALOG_COMPILER_GLOBAL_ACCENT_COLOR_NAME = AccentColor;
				CODE_SIGN_STYLE = Automatic;
				CURRENT_PROJECT_VERSION = 1;
				GENERATE_INFOPLIST_FILE = YES;
				INFOPLIST_FILE = ForEach_Demo/Info.plist;
				INFOPLIST_KEY_UIApplicationSupportsIndirectInputEvents = YES;
				INFOPLIST_KEY_UILaunchStoryboardName = LaunchScreen;
				INFOPLIST_KEY_UIMainStoryboardFile = Main;
				INFOPLIST_KEY_UISupportedInterfaceOrientations_iPad = "UIInterfaceOrientationPortrait UIInterfaceOrientationPortraitUpsideDown UIInterfaceOrientationLandscapeLeft UIInterfaceOrientationLandscapeRight";
				INFOPLIST_KEY_UISupportedInterfaceOrientations_iPhone = "UIInterfaceOrientationPortrait UIInterfaceOrientationLandscapeLeft UIInterfaceOrientationLandscapeRight";
				LD_RUNPATH_SEARCH_PATHS = (
					"$(inherited)",
					"@executable_path/Frameworks",
				);
				MARKETING_VERSION = 1.0;
				PRODUCT_BUNDLE_IDENTIFIER = "com.linx.ForEach-Demo";
				PRODUCT_NAME = "$(TARGET_NAME)";
				SWIFT_EMIT_LOC_STRINGS = YES;
				SWIFT_VERSION = 5.0;
				TARGETED_DEVICE_FAMILY = "1,2";
			};
			name = Release;
		};
		9905014D296D0D020077119F /* Debug */ = {
			isa = XCBuildConfiguration;
			buildSettings = {
				BUNDLE_LOADER = "$(TEST_HOST)";
				CODE_SIGN_STYLE = Automatic;
				CURRENT_PROJECT_VERSION = 1;
				GENERATE_INFOPLIST_FILE = YES;
				LD_RUNPATH_SEARCH_PATHS = (
					"$(inherited)",
					"@executable_path/Frameworks",
					"@loader_path/Frameworks",
				);
				MARKETING_VERSION = 1.0;
				PRODUCT_BUNDLE_IDENTIFIER = "com.linx.ForEach-DemoTests";
				PRODUCT_NAME = "$(TARGET_NAME)";
				SWIFT_EMIT_LOC_STRINGS = NO;
				SWIFT_VERSION = 5.0;
				TARGETED_DEVICE_FAMILY = "1,2";
				TEST_HOST = "$(BUILT_PRODUCTS_DIR)/ForEach_Demo.app/ForEach_Demo";
			};
			name = Debug;
		};
		9905014E296D0D020077119F /* Release */ = {
			isa = XCBuildConfiguration;
			buildSettings = {
				BUNDLE_LOADER = "$(TEST_HOST)";
				CODE_SIGN_STYLE = Automatic;
				CURRENT_PROJECT_VERSION = 1;
				GENERATE_INFOPLIST_FILE = YES;
				LD_RUNPATH_SEARCH_PATHS = (
					"$(inherited)",
					"@executable_path/Frameworks",
					"@loader_path/Frameworks",
				);
				MARKETING_VERSION = 1.0;
				PRODUCT_BUNDLE_IDENTIFIER = "com.linx.ForEach-DemoTests";
				PRODUCT_NAME = "$(TARGET_NAME)";
				SWIFT_EMIT_LOC_STRINGS = NO;
				SWIFT_VERSION = 5.0;
				TARGETED_DEVICE_FAMILY = "1,2";
				TEST_HOST = "$(BUILT_PRODUCTS_DIR)/ForEach_Demo.app/ForEach_Demo";
			};
			name = Release;
		};
/* End XCBuildConfiguration section */

/* Begin XCConfigurationList section */
		99050126296D0CF50077119F /* Build configuration list for PBXProject "ForEach_Demo" */ = {
			isa = XCConfigurationList;
			buildConfigurations = (
				9905013D296D0CF70077119F /* Debug */,
				9905013E296D0CF70077119F /* Release */,
			);
			defaultConfigurationIsVisible = 0;
			defaultConfigurationName = Release;
		};
		9905013F296D0CF70077119F /* Build configuration list for PBXNativeTarget "ForEach_Demo" */ = {
			isa = XCConfigurationList;
			buildConfigurations = (
				99050140296D0CF70077119F /* Debug */,
				99050141296D0CF70077119F /* Release */,
			);
			defaultConfigurationIsVisible = 0;
			defaultConfigurationName = Release;
		};
		9905014C296D0D020077119F /* Build configuration list for PBXNativeTarget "ForEach_DemoTests" */ = {
			isa = XCConfigurationList;
			buildConfigurations = (
				9905014D296D0D020077119F /* Debug */,
				9905014E296D0D020077119F /* Release */,
			);
			defaultConfigurationIsVisible = 0;
			defaultConfigurationName = Release;
		};
/* End XCConfigurationList section */
	};
	rootObject = 99050123296D0CF50077119F /* Project object */;
}
