// !$*UTF8*$!
{
	archiveVersion = 1;
	classes = {
	};
	objectVersion = 50;
	objects = {

/* Begin PBXBuildFile section */
		99929E7B24775D8500B8FD8B /* AppDelegate.swift in Sources */ = {isa = PBXBuildFile; fileRef = 99929E7A24775D8500B8FD8B /* AppDelegate.swift */; };
		99929E7D24775D8500B8FD8B /* SceneDelegate.swift in Sources */ = {isa = PBXBuildFile; fileRef = 99929E7C24775D8500B8FD8B /* SceneDelegate.swift */; };
		99929E8024775D8500B8FD8B /* Swift.xcdatamodeld in Sources */ = {isa = PBXBuildFile; fileRef = 99929E7E24775D8500B8FD8B /* Swift.xcdatamodeld */; };
		99929E8224775D8500B8FD8B /* ContentView.swift in Sources */ = {isa = PBXBuildFile; fileRef = 99929E8124775D8500B8FD8B /* ContentView.swift */; };
		99929E8424775D8800B8FD8B /* Assets.xcassets in Resources */ = {isa = PBXBuildFile; fileRef = 99929E8324775D8800B8FD8B /* Assets.xcassets */; };
		99929E8724775D8800B8FD8B /* Preview Assets.xcassets in Resources */ = {isa = PBXBuildFile; fileRef = 99929E8624775D8800B8FD8B /* Preview Assets.xcassets */; };
		99929E8A24775D8800B8FD8B /* LaunchScreen.storyboard in Resources */ = {isa = PBXBuildFile; fileRef = 99929E8824775D8800B8FD8B /* LaunchScreen.storyboard */; };
		99929E9524775D8800B8FD8B /* SwiftTests.swift in Sources */ = {isa = PBXBuildFile; fileRef = 99929E9424775D8800B8FD8B /* SwiftTests.swift */; };
		99929EA024775D8800B8FD8B /* SwiftUITests.swift in Sources */ = {isa = PBXBuildFile; fileRef = 99929E9F24775D8800B8FD8B /* SwiftUITests.swift */; };
/* End PBXBuildFile section */

/* Begin PBXContainerItemProxy section */
		99929E9124775D8800B8FD8B /* PBXContainerItemProxy */ = {
			isa = PBXContainerItemProxy;
			containerPortal = 99929E6F24775D8400B8FD8B /* Project object */;
			proxyType = 1;
			remoteGlobalIDString = 99929E7624775D8500B8FD8B;
			remoteInfo = Swift;
		};
		99929E9C24775D8800B8FD8B /* PBXContainerItemProxy */ = {
			isa = PBXContainerItemProxy;
			containerPortal = 99929E6F24775D8400B8FD8B /* Project object */;
			proxyType = 1;
			remoteGlobalIDString = 99929E7624775D8500B8FD8B;
			remoteInfo = Swift;
		};
/* End PBXContainerItemProxy section */

/* Begin PBXFileReference section */
		99929E7724775D8500B8FD8B /* Swift.app */ = {isa = PBXFileReference; explicitFileType = wrapper.application; includeInIndex = 0; path = Swift.app; sourceTree = BUILT_PRODUCTS_DIR; };
		99929E7A24775D8500B8FD8B /* AppDelegate.swift */ = {isa = PBXFileReference; lastKnownFileType = sourcecode.swift; path = AppDelegate.swift; sourceTree = "<group>"; };
		99929E7C24775D8500B8FD8B /* SceneDelegate.swift */ = {isa = PBXFileReference; lastKnownFileType = sourcecode.swift; path = SceneDelegate.swift; sourceTree = "<group>"; };
		99929E7F24775D8500B8FD8B /* Swift.xcdatamodel */ = {isa = PBXFileReference; lastKnownFileType = wrapper.xcdatamodel; path = Swift.xcdatamodel; sourceTree = "<group>"; };
		99929E8124775D8500B8FD8B /* ContentView.swift */ = {isa = PBXFileReference; lastKnownFileType = sourcecode.swift; path = ContentView.swift; sourceTree = "<group>"; };
		99929E8324775D8800B8FD8B /* Assets.xcassets */ = {isa = PBXFileReference; lastKnownFileType = folder.assetcatalog; path = Assets.xcassets; sourceTree = "<group>"; };
		99929E8624775D8800B8FD8B /* Preview Assets.xcassets */ = {isa = PBXFileReference; lastKnownFileType = folder.assetcatalog; path = "Preview Assets.xcassets"; sourceTree = "<group>"; };
		99929E8924775D8800B8FD8B /* Base */ = {isa = PBXFileReference; lastKnownFileType = file.storyboard; name = Base; path = Base.lproj/LaunchScreen.storyboard; sourceTree = "<group>"; };
		99929E8B24775D8800B8FD8B /* Info.plist */ = {isa = PBXFileReference; lastKnownFileType = text.plist.xml; path = Info.plist; sourceTree = "<group>"; };
		99929E9024775D8800B8FD8B /* SwiftTests.xctest */ = {isa = PBXFileReference; explicitFileType = wrapper.cfbundle; includeInIndex = 0; path = SwiftTests.xctest; sourceTree = BUILT_PRODUCTS_DIR; };
		99929E9424775D8800B8FD8B /* SwiftTests.swift */ = {isa = PBXFileReference; lastKnownFileType = sourcecode.swift; path = SwiftTests.swift; sourceTree = "<group>"; };
		99929E9624775D8800B8FD8B /* Info.plist */ = {isa = PBXFileReference; lastKnownFileType = text.plist.xml; path = Info.plist; sourceTree = "<group>"; };
		99929E9B24775D8800B8FD8B /* SwiftUITests.xctest */ = {isa = PBXFileReference; explicitFileType = wrapper.cfbundle; includeInIndex = 0; path = SwiftUITests.xctest; sourceTree = BUILT_PRODUCTS_DIR; };
		99929E9F24775D8800B8FD8B /* SwiftUITests.swift */ = {isa = PBXFileReference; lastKnownFileType = sourcecode.swift; path = SwiftUITests.swift; sourceTree = "<group>"; };
		99929EA124775D8800B8FD8B /* Info.plist */ = {isa = PBXFileReference; lastKnownFileType = text.plist.xml; path = Info.plist; sourceTree = "<group>"; };
/* End PBXFileReference section */

/* Begin PBXFrameworksBuildPhase section */
		99929E7424775D8500B8FD8B /* Frameworks */ = {
			isa = PBXFrameworksBuildPhase;
			buildActionMask = 2147483647;
			files = (
			);
			runOnlyForDeploymentPostprocessing = 0;
		};
		99929E8D24775D8800B8FD8B /* Frameworks */ = {
			isa = PBXFrameworksBuildPhase;
			buildActionMask = 2147483647;
			files = (
			);
			runOnlyForDeploymentPostprocessing = 0;
		};
		99929E9824775D8800B8FD8B /* Frameworks */ = {
			isa = PBXFrameworksBuildPhase;
			buildActionMask = 2147483647;
			files = (
			);
			runOnlyForDeploymentPostprocessing = 0;
		};
/* End PBXFrameworksBuildPhase section */

/* Begin PBXGroup section */
		99929E6E24775D8400B8FD8B = {
			isa = PBXGroup;
			children = (
				99929E7924775D8500B8FD8B /* Swift */,
				99929E9324775D8800B8FD8B /* SwiftTests */,
				99929E9E24775D8800B8FD8B /* SwiftUITests */,
				99929E7824775D8500B8FD8B /* Products */,
			);
			sourceTree = "<group>";
		};
		99929E7824775D8500B8FD8B /* Products */ = {
			isa = PBXGroup;
			children = (
				99929E7724775D8500B8FD8B /* Swift.app */,
				99929E9024775D8800B8FD8B /* SwiftTests.xctest */,
				99929E9B24775D8800B8FD8B /* SwiftUITests.xctest */,
			);
			name = Products;
			sourceTree = "<group>";
		};
		99929E7924775D8500B8FD8B /* Swift */ = {
			isa = PBXGroup;
			children = (
				99929E7A24775D8500B8FD8B /* AppDelegate.swift */,
				99929E7C24775D8500B8FD8B /* SceneDelegate.swift */,
				99929E8124775D8500B8FD8B /* ContentView.swift */,
				99929E8324775D8800B8FD8B /* Assets.xcassets */,
				99929E8824775D8800B8FD8B /* LaunchScreen.storyboard */,
				99929E8B24775D8800B8FD8B /* Info.plist */,
				99929E7E24775D8500B8FD8B /* Swift.xcdatamodeld */,
				99929E8524775D8800B8FD8B /* Preview Content */,
			);
			path = Swift;
			sourceTree = "<group>";
		};
		99929E8524775D8800B8FD8B /* Preview Content */ = {
			isa = PBXGroup;
			children = (
				99929E8624775D8800B8FD8B /* Preview Assets.xcassets */,
			);
			path = "Preview Content";
			sourceTree = "<group>";
		};
		99929E9324775D8800B8FD8B /* SwiftTests */ = {
			isa = PBXGroup;
			children = (
				99929E9424775D8800B8FD8B /* SwiftTests.swift */,
				99929E9624775D8800B8FD8B /* Info.plist */,
			);
			path = SwiftTests;
			sourceTree = "<group>";
		};
		99929E9E24775D8800B8FD8B /* SwiftUITests */ = {
			isa = PBXGroup;
			children = (
				99929E9F24775D8800B8FD8B /* SwiftUITests.swift */,
				99929EA124775D8800B8FD8B /* Info.plist */,
			);
			path = SwiftUITests;
			sourceTree = "<group>";
		};
/* End PBXGroup section */

/* Begin PBXNativeTarget section */
		99929E7624775D8500B8FD8B /* Swift */ = {
			isa = PBXNativeTarget;
			buildConfigurationList = 99929EA424775D8800B8FD8B /* Build configuration list for PBXNativeTarget "Swift" */;
			buildPhases = (
				99929E7324775D8500B8FD8B /* Sources */,
				99929E7424775D8500B8FD8B /* Frameworks */,
				99929E7524775D8500B8FD8B /* Resources */,
			);
			buildRules = (
			);
			dependencies = (
			);
			name = Swift;
			productName = Swift;
			productReference = 99929E7724775D8500B8FD8B /* Swift.app */;
			productType = "com.apple.product-type.application";
		};
		99929E8F24775D8800B8FD8B /* SwiftTests */ = {
			isa = PBXNativeTarget;
			buildConfigurationList = 99929EA724775D8800B8FD8B /* Build configuration list for PBXNativeTarget "SwiftTests" */;
			buildPhases = (
				99929E8C24775D8800B8FD8B /* Sources */,
				99929E8D24775D8800B8FD8B /* Frameworks */,
				99929E8E24775D8800B8FD8B /* Resources */,
			);
			buildRules = (
			);
			dependencies = (
				99929E9224775D8800B8FD8B /* PBXTargetDependency */,
			);
			name = SwiftTests;
			productName = SwiftTests;
			productReference = 99929E9024775D8800B8FD8B /* SwiftTests.xctest */;
			productType = "com.apple.product-type.bundle.unit-test";
		};
		99929E9A24775D8800B8FD8B /* SwiftUITests */ = {
			isa = PBXNativeTarget;
			buildConfigurationList = 99929EAA24775D8800B8FD8B /* Build configuration list for PBXNativeTarget "SwiftUITests" */;
			buildPhases = (
				99929E9724775D8800B8FD8B /* Sources */,
				99929E9824775D8800B8FD8B /* Frameworks */,
				99929E9924775D8800B8FD8B /* Resources */,
			);
			buildRules = (
			);
			dependencies = (
				99929E9D24775D8800B8FD8B /* PBXTargetDependency */,
			);
			name = SwiftUITests;
			productName = SwiftUITests;
			productReference = 99929E9B24775D8800B8FD8B /* SwiftUITests.xctest */;
			productType = "com.apple.product-type.bundle.ui-testing";
		};
/* End PBXNativeTarget section */

/* Begin PBXProject section */
		99929E6F24775D8400B8FD8B /* Project object */ = {
			isa = PBXProject;
			attributes = {
				LastSwiftUpdateCheck = 1140;
				LastUpgradeCheck = 1140;
				ORGANIZATIONNAME = AY;
				TargetAttributes = {
					99929E7624775D8500B8FD8B = {
						CreatedOnToolsVersion = 11.4;
					};
					99929E8F24775D8800B8FD8B = {
						CreatedOnToolsVersion = 11.4;
						TestTargetID = 99929E7624775D8500B8FD8B;
					};
					99929E9A24775D8800B8FD8B = {
						CreatedOnToolsVersion = 11.4;
						TestTargetID = 99929E7624775D8500B8FD8B;
					};
				};
			};
			buildConfigurationList = 99929E7224775D8500B8FD8B /* Build configuration list for PBXProject "Swift" */;
			compatibilityVersion = "Xcode 9.3";
			developmentRegion = en;
			hasScannedForEncodings = 0;
			knownRegions = (
				en,
				Base,
			);
			mainGroup = 99929E6E24775D8400B8FD8B;
			productRefGroup = 99929E7824775D8500B8FD8B /* Products */;
			projectDirPath = "";
			projectRoot = "";
			targets = (
				99929E7624775D8500B8FD8B /* Swift */,
				99929E8F24775D8800B8FD8B /* SwiftTests */,
				99929E9A24775D8800B8FD8B /* SwiftUITests */,
			);
		};
/* End PBXProject section */

/* Begin PBXResourcesBuildPhase section */
		99929E7524775D8500B8FD8B /* Resources */ = {
			isa = PBXResourcesBuildPhase;
			buildActionMask = 2147483647;
			files = (
				99929E8A24775D8800B8FD8B /* LaunchScreen.storyboard in Resources */,
				99929E8724775D8800B8FD8B /* Preview Assets.xcassets in Resources */,
				99929E8424775D8800B8FD8B /* Assets.xcassets in Resources */,
			);
			runOnlyForDeploymentPostprocessing = 0;
		};
		99929E8E24775D8800B8FD8B /* Resources */ = {
			isa = PBXResourcesBuildPhase;
			buildActionMask = 2147483647;
			files = (
			);
			runOnlyForDeploymentPostprocessing = 0;
		};
		99929E9924775D8800B8FD8B /* Resources */ = {
			isa = PBXResourcesBuildPhase;
			buildActionMask = 2147483647;
			files = (
			);
			runOnlyForDeploymentPostprocessing = 0;
		};
/* End PBXResourcesBuildPhase section */

/* Begin PBXSourcesBuildPhase section */
		99929E7324775D8500B8FD8B /* Sources */ = {
			isa = PBXSourcesBuildPhase;
			buildActionMask = 2147483647;
			files = (
				99929E7B24775D8500B8FD8B /* AppDelegate.swift in Sources */,
				99929E7D24775D8500B8FD8B /* SceneDelegate.swift in Sources */,
				99929E8224775D8500B8FD8B /* ContentView.swift in Sources */,
				99929E8024775D8500B8FD8B /* Swift.xcdatamodeld in Sources */,
			);
			runOnlyForDeploymentPostprocessing = 0;
		};
		99929E8C24775D8800B8FD8B /* Sources */ = {
			isa = PBXSourcesBuildPhase;
			buildActionMask = 2147483647;
			files = (
				99929E9524775D8800B8FD8B /* SwiftTests.swift in Sources */,
			);
			runOnlyForDeploymentPostprocessing = 0;
		};
		99929E9724775D8800B8FD8B /* Sources */ = {
			isa = PBXSourcesBuildPhase;
			buildActionMask = 2147483647;
			files = (
				99929EA024775D8800B8FD8B /* SwiftUITests.swift in Sources */,
			);
			runOnlyForDeploymentPostprocessing = 0;
		};
/* End PBXSourcesBuildPhase section */

/* Begin PBXTargetDependency section */
		99929E9224775D8800B8FD8B /* PBXTargetDependency */ = {
			isa = PBXTargetDependency;
			target = 99929E7624775D8500B8FD8B /* Swift */;
			targetProxy = 99929E9124775D8800B8FD8B /* PBXContainerItemProxy */;
		};
		99929E9D24775D8800B8FD8B /* PBXTargetDependency */ = {
			isa = PBXTargetDependency;
			target = 99929E7624775D8500B8FD8B /* Swift */;
			targetProxy = 99929E9C24775D8800B8FD8B /* PBXContainerItemProxy */;
		};
/* End PBXTargetDependency section */

/* Begin PBXVariantGroup section */
		99929E8824775D8800B8FD8B /* LaunchScreen.storyboard */ = {
			isa = PBXVariantGroup;
			children = (
				99929E8924775D8800B8FD8B /* Base */,
			);
			name = LaunchScreen.storyboard;
			sourceTree = "<group>";
		};
/* End PBXVariantGroup section */

/* Begin XCBuildConfiguration section */
		99929EA224775D8800B8FD8B /* Debug */ = {
			isa = XCBuildConfiguration;
			buildSettings = {
				ALWAYS_SEARCH_USER_PATHS = NO;
				CLANG_ANALYZER_NONNULL = YES;
				CLANG_ANALYZER_NUMBER_OBJECT_CONVERSION = YES_AGGRESSIVE;
				CLANG_CXX_LANGUAGE_STANDARD = "gnu++14";
				CLANG_CXX_LIBRARY = "libc++";
				CLANG_ENABLE_MODULES = YES;
				CLANG_ENABLE_OBJC_ARC = YES;
				CLANG_ENABLE_OBJC_WEAK = YES;
				CLANG_WARN_BLOCK_CAPTURE_AUTORELEASING = YES;
				CLANG_WARN_BOOL_CONVERSION = YES;
				CLANG_WARN_COMMA = YES;
				CLANG_WARN_CONSTANT_CONVERSION = YES;
				CLANG_WARN_DEPRECATED_OBJC_IMPLEMENTATIONS = YES;
				CLANG_WARN_DIRECT_OBJC_ISA_USAGE = YES_ERROR;
				CLANG_WARN_DOCUMENTATION_COMMENTS = YES;
				CLANG_WARN_EMPTY_BODY = YES;
				CLANG_WARN_ENUM_CONVERSION = YES;
				CLANG_WARN_INFINITE_RECURSION = YES;
				CLANG_WARN_INT_CONVERSION = YES;
				CLANG_WARN_NON_LITERAL_NULL_CONVERSION = YES;
				CLANG_WARN_OBJC_IMPLICIT_RETAIN_SELF = YES;
				CLANG_WARN_OBJC_LITERAL_CONVERSION = YES;
				CLANG_WARN_OBJC_ROOT_CLASS = YES_ERROR;
				CLANG_WARN_RANGE_LOOP_ANALYSIS = YES;
				CLANG_WARN_STRICT_PROTOTYPES = YES;
				CLANG_WARN_SUSPICIOUS_MOVE = YES;
				CLANG_WARN_UNGUARDED_AVAILABILITY = YES_AGGRESSIVE;
				CLANG_WARN_UNREACHABLE_CODE = YES;
				CLANG_WARN__DUPLICATE_METHOD_MATCH = YES;
				COPY_PHASE_STRIP = NO;
				DEBUG_INFORMATION_FORMAT = dwarf;
				ENABLE_STRICT_OBJC_MSGSEND = YES;
				ENABLE_TESTABILITY = YES;
				GCC_C_LANGUAGE_STANDARD = gnu11;
				GCC_DYNAMIC_NO_PIC = NO;
				GCC_NO_COMMON_BLOCKS = YES;
				GCC_OPTIMIZATION_LEVEL = 0;
				GCC_PREPROCESSOR_DEFINITIONS = (
					"DEBUG=1",
					"$(inherited)",
				);
				GCC_WARN_64_TO_32_BIT_CONVERSION = YES;
				GCC_WARN_ABOUT_RETURN_TYPE = YES_ERROR;
				GCC_WARN_UNDECLARED_SELECTOR = YES;
				GCC_WARN_UNINITIALIZED_AUTOS = YES_AGGRESSIVE;
				GCC_WARN_UNUSED_FUNCTION = YES;
				GCC_WARN_UNUSED_VARIABLE = YES;
				IPHONEOS_DEPLOYMENT_TARGET = 13.4;
				MTL_ENABLE_DEBUG_INFO = INCLUDE_SOURCE;
				MTL_FAST_MATH = YES;
				ONLY_ACTIVE_ARCH = YES;
				SDKROOT = iphoneos;
				SWIFT_ACTIVE_COMPILATION_CONDITIONS = DEBUG;
				SWIFT_OPTIMIZATION_LEVEL = "-Onone";
			};
			name = Debug;
		};
		99929EA324775D8800B8FD8B /* Release */ = {
			isa = XCBuildConfiguration;
			buildSettings = {
				ALWAYS_SEARCH_USER_PATHS = NO;
				CLANG_ANALYZER_NONNULL = YES;
				CLANG_ANALYZER_NUMBER_OBJECT_CONVERSION = YES_AGGRESSIVE;
				CLANG_CXX_LANGUAGE_STANDARD = "gnu++14";
				CLANG_CXX_LIBRARY = "libc++";
				CLANG_ENABLE_MODULES = YES;
				CLANG_ENABLE_OBJC_ARC = YES;
				CLANG_ENABLE_OBJC_WEAK = YES;
				CLANG_WARN_BLOCK_CAPTURE_AUTORELEASING = YES;
				CLANG_WARN_BOOL_CONVERSION = YES;
				CLANG_WARN_COMMA = YES;
				CLANG_WARN_CONSTANT_CONVERSION = YES;
				CLANG_WARN_DEPRECATED_OBJC_IMPLEMENTATIONS = YES;
				CLANG_WARN_DIRECT_OBJC_ISA_USAGE = YES_ERROR;
				CLANG_WARN_DOCUMENTATION_COMMENTS = YES;
				CLANG_WARN_EMPTY_BODY = YES;
				CLANG_WARN_ENUM_CONVERSION = YES;
				CLANG_WARN_INFINITE_RECURSION = YES;
				CLANG_WARN_INT_CONVERSION = YES;
				CLANG_WARN_NON_LITERAL_NULL_CONVERSION = YES;
				CLANG_WARN_OBJC_IMPLICIT_RETAIN_SELF = YES;
				CLANG_WARN_OBJC_LITERAL_CONVERSION = YES;
				CLANG_WARN_OBJC_ROOT_CLASS = YES_ERROR;
				CLANG_WARN_RANGE_LOOP_ANALYSIS = YES;
				CLANG_WARN_STRICT_PROTOTYPES = YES;
				CLANG_WARN_SUSPICIOUS_MOVE = YES;
				CLANG_WARN_UNGUARDED_AVAILABILITY = YES_AGGRESSIVE;
				CLANG_WARN_UNREACHABLE_CODE = YES;
				CLANG_WARN__DUPLICATE_METHOD_MATCH = YES;
				COPY_PHASE_STRIP = NO;
				DEBUG_INFORMATION_FORMAT = "dwarf-with-dsym";
				ENABLE_NS_ASSERTIONS = NO;
				ENABLE_STRICT_OBJC_MSGSEND = YES;
				GCC_C_LANGUAGE_STANDARD = gnu11;
				GCC_NO_COMMON_BLOCKS = YES;
				GCC_WARN_64_TO_32_BIT_CONVERSION = YES;
				GCC_WARN_ABOUT_RETURN_TYPE = YES_ERROR;
				GCC_WARN_UNDECLARED_SELECTOR = YES;
				GCC_WARN_UNINITIALIZED_AUTOS = YES_AGGRESSIVE;
				GCC_WARN_UNUSED_FUNCTION = YES;
				GCC_WARN_UNUSED_VARIABLE = YES;
				IPHONEOS_DEPLOYMENT_TARGET = 13.4;
				MTL_ENABLE_DEBUG_INFO = NO;
				MTL_FAST_MATH = YES;
				SDKROOT = iphoneos;
				SWIFT_COMPILATION_MODE = wholemodule;
				SWIFT_OPTIMIZATION_LEVEL = "-O";
				VALIDATE_PRODUCT = YES;
			};
			name = Release;
		};
		99929EA524775D8800B8FD8B /* Debug */ = {
			isa = XCBuildConfiguration;
			buildSettings = {
				ASSETCATALOG_COMPILER_APPICON_NAME = AppIcon;
				CODE_SIGN_STYLE = Automatic;
				DEVELOPMENT_ASSET_PATHS = "\"Swift/Preview Content\"";
				DEVELOPMENT_TEAM = 6JHY626E93;
				ENABLE_PREVIEWS = YES;
				INFOPLIST_FILE = Swift/Info.plist;
				LD_RUNPATH_SEARCH_PATHS = (
					"$(inherited)",
					"@executable_path/Frameworks",
				);
				PRODUCT_BUNDLE_IDENTIFIER = com.AY.Swift;
				PRODUCT_NAME = "$(TARGET_NAME)";
				SWIFT_VERSION = 5.0;
				TARGETED_DEVICE_FAMILY = "1,2";
			};
			name = Debug;
		};
		99929EA624775D8800B8FD8B /* Release */ = {
			isa = XCBuildConfiguration;
			buildSettings = {
				ASSETCATALOG_COMPILER_APPICON_NAME = AppIcon;
				CODE_SIGN_STYLE = Automatic;
				DEVELOPMENT_ASSET_PATHS = "\"Swift/Preview Content\"";
				DEVELOPMENT_TEAM = 6JHY626E93;
				ENABLE_PREVIEWS = YES;
				INFOPLIST_FILE = Swift/Info.plist;
				LD_RUNPATH_SEARCH_PATHS = (
					"$(inherited)",
					"@executable_path/Frameworks",
				);
				PRODUCT_BUNDLE_IDENTIFIER = com.AY.Swift;
				PRODUCT_NAME = "$(TARGET_NAME)";
				SWIFT_VERSION = 5.0;
				TARGETED_DEVICE_FAMILY = "1,2";
			};
			name = Release;
		};
		99929EA824775D8800B8FD8B /* Debug */ = {
			isa = XCBuildConfiguration;
			buildSettings = {
				ALWAYS_EMBED_SWIFT_STANDARD_LIBRARIES = YES;
				BUNDLE_LOADER = "$(TEST_HOST)";
				CODE_SIGN_STYLE = Automatic;
				DEVELOPMENT_TEAM = 6JHY626E93;
				INFOPLIST_FILE = SwiftTests/Info.plist;
				IPHONEOS_DEPLOYMENT_TARGET = 13.4;
				LD_RUNPATH_SEARCH_PATHS = (
					"$(inherited)",
					"@executable_path/Frameworks",
					"@loader_path/Frameworks",
				);
				PRODUCT_BUNDLE_IDENTIFIER = com.AY.SwiftTests;
				PRODUCT_NAME = "$(TARGET_NAME)";
				SWIFT_VERSION = 5.0;
				TARGETED_DEVICE_FAMILY = "1,2";
				TEST_HOST = "$(BUILT_PRODUCTS_DIR)/Swift.app/Swift";
			};
			name = Debug;
		};
		99929EA924775D8800B8FD8B /* Release */ = {
			isa = XCBuildConfiguration;
			buildSettings = {
				ALWAYS_EMBED_SWIFT_STANDARD_LIBRARIES = YES;
				BUNDLE_LOADER = "$(TEST_HOST)";
				CODE_SIGN_STYLE = Automatic;
				DEVELOPMENT_TEAM = 6JHY626E93;
				INFOPLIST_FILE = SwiftTests/Info.plist;
				IPHONEOS_DEPLOYMENT_TARGET = 13.4;
				LD_RUNPATH_SEARCH_PATHS = (
					"$(inherited)",
					"@executable_path/Frameworks",
					"@loader_path/Frameworks",
				);
				PRODUCT_BUNDLE_IDENTIFIER = com.AY.SwiftTests;
				PRODUCT_NAME = "$(TARGET_NAME)";
				SWIFT_VERSION = 5.0;
				TARGETED_DEVICE_FAMILY = "1,2";
				TEST_HOST = "$(BUILT_PRODUCTS_DIR)/Swift.app/Swift";
			};
			name = Release;
		};
		99929EAB24775D8800B8FD8B /* Debug */ = {
			isa = XCBuildConfiguration;
			buildSettings = {
				ALWAYS_EMBED_SWIFT_STANDARD_LIBRARIES = YES;
				CODE_SIGN_STYLE = Automatic;
				DEVELOPMENT_TEAM = 6JHY626E93;
				INFOPLIST_FILE = SwiftUITests/Info.plist;
				LD_RUNPATH_SEARCH_PATHS = (
					"$(inherited)",
					"@executable_path/Frameworks",
					"@loader_path/Frameworks",
				);
				PRODUCT_BUNDLE_IDENTIFIER = com.AY.SwiftUITests;
				PRODUCT_NAME = "$(TARGET_NAME)";
				SWIFT_VERSION = 5.0;
				TARGETED_DEVICE_FAMILY = "1,2";
				TEST_TARGET_NAME = Swift;
			};
			name = Debug;
		};
		99929EAC24775D8800B8FD8B /* Release */ = {
			isa = XCBuildConfiguration;
			buildSettings = {
				ALWAYS_EMBED_SWIFT_STANDARD_LIBRARIES = YES;
				CODE_SIGN_STYLE = Automatic;
				DEVELOPMENT_TEAM = 6JHY626E93;
				INFOPLIST_FILE = SwiftUITests/Info.plist;
				LD_RUNPATH_SEARCH_PATHS = (
					"$(inherited)",
					"@executable_path/Frameworks",
					"@loader_path/Frameworks",
				);
				PRODUCT_BUNDLE_IDENTIFIER = com.AY.SwiftUITests;
				PRODUCT_NAME = "$(TARGET_NAME)";
				SWIFT_VERSION = 5.0;
				TARGETED_DEVICE_FAMILY = "1,2";
				TEST_TARGET_NAME = Swift;
			};
			name = Release;
		};
/* End XCBuildConfiguration section */

/* Begin XCConfigurationList section */
		99929E7224775D8500B8FD8B /* Build configuration list for PBXProject "Swift" */ = {
			isa = XCConfigurationList;
			buildConfigurations = (
				99929EA224775D8800B8FD8B /* Debug */,
				99929EA324775D8800B8FD8B /* Release */,
			);
			defaultConfigurationIsVisible = 0;
			defaultConfigurationName = Release;
		};
		99929EA424775D8800B8FD8B /* Build configuration list for PBXNativeTarget "Swift" */ = {
			isa = XCConfigurationList;
			buildConfigurations = (
				99929EA524775D8800B8FD8B /* Debug */,
				99929EA624775D8800B8FD8B /* Release */,
			);
			defaultConfigurationIsVisible = 0;
			defaultConfigurationName = Release;
		};
		99929EA724775D8800B8FD8B /* Build configuration list for PBXNativeTarget "SwiftTests" */ = {
			isa = XCConfigurationList;
			buildConfigurations = (
				99929EA824775D8800B8FD8B /* Debug */,
				99929EA924775D8800B8FD8B /* Release */,
			);
			defaultConfigurationIsVisible = 0;
			defaultConfigurationName = Release;
		};
		99929EAA24775D8800B8FD8B /* Build configuration list for PBXNativeTarget "SwiftUITests" */ = {
			isa = XCConfigurationList;
			buildConfigurations = (
				99929EAB24775D8800B8FD8B /* Debug */,
				99929EAC24775D8800B8FD8B /* Release */,
			);
			defaultConfigurationIsVisible = 0;
			defaultConfigurationName = Release;
		};
/* End XCConfigurationList section */

/* Begin XCVersionGroup section */
		99929E7E24775D8500B8FD8B /* Swift.xcdatamodeld */ = {
			isa = XCVersionGroup;
			children = (
				99929E7F24775D8500B8FD8B /* Swift.xcdatamodel */,
			);
			currentVersion = 99929E7F24775D8500B8FD8B /* Swift.xcdatamodel */;
			path = Swift.xcdatamodeld;
			sourceTree = "<group>";
			versionGroupType = wrapper.xcdatamodel;
		};
/* End XCVersionGroup section */
	};
	rootObject = 99929E6F24775D8400B8FD8B /* Project object */;
}
