// !$*UTF8*$!
{
	archiveVersion = 1;
	classes = {
	};
	objectVersion = 51;
	objects = {

/* Begin PBXBuildFile section */
		8AC898C6248CEE4500D954B4 /* RootTabbarController.swift in Sources */ = {isa = PBXBuildFile; fileRef = 8AC898C5248CEE4500D954B4 /* RootTabbarController.swift */; };
		8AC898CA248CEEDF00D954B4 /* FirstViewController.swift in Sources */ = {isa = PBXBuildFile; fileRef = 8AC898C9248CEEDF00D954B4 /* FirstViewController.swift */; };
		8AC898CC248CEEEF00D954B4 /* SecondViewController.swift in Sources */ = {isa = PBXBuildFile; fileRef = 8AC898CB248CEEEF00D954B4 /* SecondViewController.swift */; };
		8AC898CE248CEEF900D954B4 /* ThirdViewController.swift in Sources */ = {isa = PBXBuildFile; fileRef = 8AC898CD248CEEF900D954B4 /* ThirdViewController.swift */; };
		8AC898EA248D22D300D954B4 /* tabbar_home_normal@2x.png in Resources */ = {isa = PBXBuildFile; fileRef = 8AC898E2248D22D300D954B4 /* tabbar_home_normal@2x.png */; };
		8AC898EB248D22D300D954B4 /* tabbar_node_normal@2x.png in Resources */ = {isa = PBXBuildFile; fileRef = 8AC898E3248D22D300D954B4 /* tabbar_node_normal@2x.png */; };
		8AC898EC248D22D300D954B4 /* tabbar_node_select@2x.png in Resources */ = {isa = PBXBuildFile; fileRef = 8AC898E4248D22D300D954B4 /* tabbar_node_select@2x.png */; };
		8AC898ED248D22D300D954B4 /* tabbar_shop_select@2x.png in Resources */ = {isa = PBXBuildFile; fileRef = 8AC898E5248D22D300D954B4 /* tabbar_shop_select@2x.png */; };
		8AC898EE248D22D300D954B4 /* tabbar_home_select@2x.png in Resources */ = {isa = PBXBuildFile; fileRef = 8AC898E6248D22D300D954B4 /* tabbar_home_select@2x.png */; };
		8AC898EF248D22D300D954B4 /* tabbar_shop_normal@2x.png in Resources */ = {isa = PBXBuildFile; fileRef = 8AC898E7248D22D300D954B4 /* tabbar_shop_normal@2x.png */; };
		8AC898F0248D22D300D954B4 /* tabbar_person_normal@2x.png in Resources */ = {isa = PBXBuildFile; fileRef = 8AC898E8248D22D300D954B4 /* tabbar_person_normal@2x.png */; };
		8AC898F1248D22D300D954B4 /* tabbar_person_select@2x.png in Resources */ = {isa = PBXBuildFile; fileRef = 8AC898E9248D22D300D954B4 /* tabbar_person_select@2x.png */; };
		8ACB3BFA248CE2F4003B6410 /* AppDelegate.swift in Sources */ = {isa = PBXBuildFile; fileRef = 8ACB3BF9248CE2F4003B6410 /* AppDelegate.swift */; };
		8ACB3C01248CE2F4003B6410 /* Main.storyboard in Resources */ = {isa = PBXBuildFile; fileRef = 8ACB3BFF248CE2F4003B6410 /* Main.storyboard */; };
		8ACB3C03248CE2F6003B6410 /* Assets.xcassets in Resources */ = {isa = PBXBuildFile; fileRef = 8ACB3C02248CE2F6003B6410 /* Assets.xcassets */; };
		8ACB3C06248CE2F6003B6410 /* LaunchScreen.storyboard in Resources */ = {isa = PBXBuildFile; fileRef = 8ACB3C04248CE2F6003B6410 /* LaunchScreen.storyboard */; };
		9964A2BA248F1BE000553584 /* AlgorithmTableViewController.swift in Sources */ = {isa = PBXBuildFile; fileRef = 9964A2B9248F1BE000553584 /* AlgorithmTableViewController.swift */; };
		9964A2BC248F3D7100553584 /* Algorithm_004.swift in Sources */ = {isa = PBXBuildFile; fileRef = 9964A2BB248F3D7100553584 /* Algorithm_004.swift */; };
		9964A2BE249073D300553584 /* AlgorithmTVCell.swift in Sources */ = {isa = PBXBuildFile; fileRef = 9964A2BD249073D300553584 /* AlgorithmTVCell.swift */; };
		9964A2C22490764200553584 /* SVProgressHUDVC.swift in Sources */ = {isa = PBXBuildFile; fileRef = 9964A2C12490764200553584 /* SVProgressHUDVC.swift */; };
		9970A03E24938D4A008EF873 /* LoginVC.swift in Sources */ = {isa = PBXBuildFile; fileRef = 9970A03D24938D4A008EF873 /* LoginVC.swift */; };
		99EB46F0248DEC660033D7CB /* GlobalFunc.swift in Sources */ = {isa = PBXBuildFile; fileRef = 99EB46EF248DEC660033D7CB /* GlobalFunc.swift */; };
		99EB46F7248E05D50033D7CB /* UIColor+LXColor.swift in Sources */ = {isa = PBXBuildFile; fileRef = 99EB46F6248E05D50033D7CB /* UIColor+LXColor.swift */; };
		99EB46F9248E06CE0033D7CB /* GlobalConstant.swift in Sources */ = {isa = PBXBuildFile; fileRef = 99EB46F8248E06CE0033D7CB /* GlobalConstant.swift */; };
		99EB4702248E14530033D7CB /* Algorithm_001.swift in Sources */ = {isa = PBXBuildFile; fileRef = 99EB4701248E14530033D7CB /* Algorithm_001.swift */; };
		99EB4704248E14630033D7CB /* Algorithm_002.swift in Sources */ = {isa = PBXBuildFile; fileRef = 99EB4703248E14630033D7CB /* Algorithm_002.swift */; };
		99EB4706248E146F0033D7CB /* Algorithm_003.swift in Sources */ = {isa = PBXBuildFile; fileRef = 99EB4705248E146F0033D7CB /* Algorithm_003.swift */; };
		A5C14367C5F9C70FDBF83D96 /* Pods_LXSwift.framework in Frameworks */ = {isa = PBXBuildFile; fileRef = 73D6892A4398758B3105CFF9 /* Pods_LXSwift.framework */; };
/* End PBXBuildFile section */

/* Begin PBXFileReference section */
		69F0201378D177B42A66BA1F /* Pods-LXSwift.debug.xcconfig */ = {isa = PBXFileReference; includeInIndex = 1; lastKnownFileType = text.xcconfig; name = "Pods-LXSwift.debug.xcconfig"; path = "Target Support Files/Pods-LXSwift/Pods-LXSwift.debug.xcconfig"; sourceTree = "<group>"; };
		6FEFE7B1D199BA1FDD6227A1 /* Pods-LXSwift.release.xcconfig */ = {isa = PBXFileReference; includeInIndex = 1; lastKnownFileType = text.xcconfig; name = "Pods-LXSwift.release.xcconfig"; path = "Target Support Files/Pods-LXSwift/Pods-LXSwift.release.xcconfig"; sourceTree = "<group>"; };
		73D6892A4398758B3105CFF9 /* Pods_LXSwift.framework */ = {isa = PBXFileReference; explicitFileType = wrapper.framework; includeInIndex = 0; path = Pods_LXSwift.framework; sourceTree = BUILT_PRODUCTS_DIR; };
		8AC898C5248CEE4500D954B4 /* RootTabbarController.swift */ = {isa = PBXFileReference; lastKnownFileType = sourcecode.swift; path = RootTabbarController.swift; sourceTree = "<group>"; };
		8AC898C9248CEEDF00D954B4 /* FirstViewController.swift */ = {isa = PBXFileReference; lastKnownFileType = sourcecode.swift; path = FirstViewController.swift; sourceTree = "<group>"; };
		8AC898CB248CEEEF00D954B4 /* SecondViewController.swift */ = {isa = PBXFileReference; lastKnownFileType = sourcecode.swift; path = SecondViewController.swift; sourceTree = "<group>"; };
		8AC898CD248CEEF900D954B4 /* ThirdViewController.swift */ = {isa = PBXFileReference; lastKnownFileType = sourcecode.swift; path = ThirdViewController.swift; sourceTree = "<group>"; };
		8AC898E2248D22D300D954B4 /* tabbar_home_normal@2x.png */ = {isa = PBXFileReference; lastKnownFileType = image.png; path = "tabbar_home_normal@2x.png"; sourceTree = "<group>"; };
		8AC898E3248D22D300D954B4 /* tabbar_node_normal@2x.png */ = {isa = PBXFileReference; lastKnownFileType = image.png; path = "tabbar_node_normal@2x.png"; sourceTree = "<group>"; };
		8AC898E4248D22D300D954B4 /* tabbar_node_select@2x.png */ = {isa = PBXFileReference; lastKnownFileType = image.png; path = "tabbar_node_select@2x.png"; sourceTree = "<group>"; };
		8AC898E5248D22D300D954B4 /* tabbar_shop_select@2x.png */ = {isa = PBXFileReference; lastKnownFileType = image.png; path = "tabbar_shop_select@2x.png"; sourceTree = "<group>"; };
		8AC898E6248D22D300D954B4 /* tabbar_home_select@2x.png */ = {isa = PBXFileReference; lastKnownFileType = image.png; path = "tabbar_home_select@2x.png"; sourceTree = "<group>"; };
		8AC898E7248D22D300D954B4 /* tabbar_shop_normal@2x.png */ = {isa = PBXFileReference; lastKnownFileType = image.png; path = "tabbar_shop_normal@2x.png"; sourceTree = "<group>"; };
		8AC898E8248D22D300D954B4 /* tabbar_person_normal@2x.png */ = {isa = PBXFileReference; lastKnownFileType = image.png; path = "tabbar_person_normal@2x.png"; sourceTree = "<group>"; };
		8AC898E9248D22D300D954B4 /* tabbar_person_select@2x.png */ = {isa = PBXFileReference; lastKnownFileType = image.png; path = "tabbar_person_select@2x.png"; sourceTree = "<group>"; };
		8ACB3BF6248CE2F4003B6410 /* LXSwift.app */ = {isa = PBXFileReference; explicitFileType = wrapper.application; includeInIndex = 0; path = LXSwift.app; sourceTree = BUILT_PRODUCTS_DIR; };
		8ACB3BF9248CE2F4003B6410 /* AppDelegate.swift */ = {isa = PBXFileReference; lastKnownFileType = sourcecode.swift; path = AppDelegate.swift; sourceTree = "<group>"; };
		8ACB3C00248CE2F4003B6410 /* Base */ = {isa = PBXFileReference; lastKnownFileType = file.storyboard; name = Base; path = Base.lproj/Main.storyboard; sourceTree = "<group>"; };
		8ACB3C02248CE2F6003B6410 /* Assets.xcassets */ = {isa = PBXFileReference; lastKnownFileType = folder.assetcatalog; path = Assets.xcassets; sourceTree = "<group>"; };
		8ACB3C05248CE2F6003B6410 /* Base */ = {isa = PBXFileReference; lastKnownFileType = file.storyboard; name = Base; path = Base.lproj/LaunchScreen.storyboard; sourceTree = "<group>"; };
		8ACB3C07248CE2F6003B6410 /* Info.plist */ = {isa = PBXFileReference; lastKnownFileType = text.plist.xml; path = Info.plist; sourceTree = "<group>"; };
		9964A2B9248F1BE000553584 /* AlgorithmTableViewController.swift */ = {isa = PBXFileReference; lastKnownFileType = sourcecode.swift; path = AlgorithmTableViewController.swift; sourceTree = "<group>"; };
		9964A2BB248F3D7100553584 /* Algorithm_004.swift */ = {isa = PBXFileReference; lastKnownFileType = sourcecode.swift; path = Algorithm_004.swift; sourceTree = "<group>"; };
		9964A2BD249073D300553584 /* AlgorithmTVCell.swift */ = {isa = PBXFileReference; lastKnownFileType = sourcecode.swift; path = AlgorithmTVCell.swift; sourceTree = "<group>"; };
		9964A2C12490764200553584 /* SVProgressHUDVC.swift */ = {isa = PBXFileReference; lastKnownFileType = sourcecode.swift; path = SVProgressHUDVC.swift; sourceTree = "<group>"; };
		9970A03D24938D4A008EF873 /* LoginVC.swift */ = {isa = PBXFileReference; fileEncoding = 4; lastKnownFileType = sourcecode.swift; path = LoginVC.swift; sourceTree = "<group>"; };
		99EB46EF248DEC660033D7CB /* GlobalFunc.swift */ = {isa = PBXFileReference; lastKnownFileType = sourcecode.swift; path = GlobalFunc.swift; sourceTree = "<group>"; };
		99EB46F6248E05D50033D7CB /* UIColor+LXColor.swift */ = {isa = PBXFileReference; lastKnownFileType = sourcecode.swift; path = "UIColor+LXColor.swift"; sourceTree = "<group>"; };
		99EB46F8248E06CE0033D7CB /* GlobalConstant.swift */ = {isa = PBXFileReference; lastKnownFileType = sourcecode.swift; path = GlobalConstant.swift; sourceTree = "<group>"; };
		99EB4701248E14530033D7CB /* Algorithm_001.swift */ = {isa = PBXFileReference; lastKnownFileType = sourcecode.swift; path = Algorithm_001.swift; sourceTree = "<group>"; };
		99EB4703248E14630033D7CB /* Algorithm_002.swift */ = {isa = PBXFileReference; lastKnownFileType = sourcecode.swift; path = Algorithm_002.swift; sourceTree = "<group>"; };
		99EB4705248E146F0033D7CB /* Algorithm_003.swift */ = {isa = PBXFileReference; lastKnownFileType = sourcecode.swift; path = Algorithm_003.swift; sourceTree = "<group>"; };
/* End PBXFileReference section */

/* Begin PBXFrameworksBuildPhase section */
		8ACB3BF3248CE2F4003B6410 /* Frameworks */ = {
			isa = PBXFrameworksBuildPhase;
			buildActionMask = 2147483647;
			files = (
				A5C14367C5F9C70FDBF83D96 /* Pods_LXSwift.framework in Frameworks */,
			);
			runOnlyForDeploymentPostprocessing = 0;
		};
/* End PBXFrameworksBuildPhase section */

/* Begin PBXGroup section */
		38AE016D77B6CF5B2186DFFC /* Pods */ = {
			isa = PBXGroup;
			children = (
				69F0201378D177B42A66BA1F /* Pods-LXSwift.debug.xcconfig */,
				6FEFE7B1D199BA1FDD6227A1 /* Pods-LXSwift.release.xcconfig */,
			);
			path = Pods;
			sourceTree = "<group>";
		};
		8A6E409024927AA400D97A21 /* Login */ = {
			isa = PBXGroup;
			children = (
				9970A03D24938D4A008EF873 /* LoginVC.swift */,
			);
			path = Login;
			sourceTree = "<group>";
		};
		8AC898C7248CEE4D00D954B4 /* AppEntry */ = {
			isa = PBXGroup;
			children = (
				8ACB3BF9248CE2F4003B6410 /* AppDelegate.swift */,
			);
			path = AppEntry;
			sourceTree = "<group>";
		};
		8AC898C8248CEE5F00D954B4 /* Root */ = {
			isa = PBXGroup;
			children = (
				8AC898C5248CEE4500D954B4 /* RootTabbarController.swift */,
				8AC898C9248CEEDF00D954B4 /* FirstViewController.swift */,
				8AC898CB248CEEEF00D954B4 /* SecondViewController.swift */,
				8AC898CD248CEEF900D954B4 /* ThirdViewController.swift */,
			);
			path = Root;
			sourceTree = "<group>";
		};
		8AC898D1248D142600D954B4 /* Resource */ = {
			isa = PBXGroup;
			children = (
				8AC898E2248D22D300D954B4 /* tabbar_home_normal@2x.png */,
				8AC898E6248D22D300D954B4 /* tabbar_home_select@2x.png */,
				8AC898E3248D22D300D954B4 /* tabbar_node_normal@2x.png */,
				8AC898E4248D22D300D954B4 /* tabbar_node_select@2x.png */,
				8AC898E8248D22D300D954B4 /* tabbar_person_normal@2x.png */,
				8AC898E9248D22D300D954B4 /* tabbar_person_select@2x.png */,
				8AC898E7248D22D300D954B4 /* tabbar_shop_normal@2x.png */,
				8AC898E5248D22D300D954B4 /* tabbar_shop_select@2x.png */,
			);
			path = Resource;
			sourceTree = "<group>";
		};
		8ACB3BED248CE2F4003B6410 = {
			isa = PBXGroup;
			children = (
				8ACB3BF8248CE2F4003B6410 /* LXSwift */,
				8ACB3BF7248CE2F4003B6410 /* Products */,
				38AE016D77B6CF5B2186DFFC /* Pods */,
				AE2ED7DEFE8DB7B6E5E208E9 /* Frameworks */,
			);
			sourceTree = "<group>";
		};
		8ACB3BF7248CE2F4003B6410 /* Products */ = {
			isa = PBXGroup;
			children = (
				8ACB3BF6248CE2F4003B6410 /* LXSwift.app */,
			);
			name = Products;
			sourceTree = "<group>";
		};
		8ACB3BF8248CE2F4003B6410 /* LXSwift */ = {
			isa = PBXGroup;
			children = (
				8AC898C7248CEE4D00D954B4 /* AppEntry */,
				8AC898C8248CEE5F00D954B4 /* Root */,
				99EB46FC248E088C0033D7CB /* Feature */,
				99EB46FA248E08740033D7CB /* Extension */,
				99EB46EE248DEBC70033D7CB /* Config */,
				99EB46FF248E0B620033D7CB /* Singleton */,
				8AC898D1248D142600D954B4 /* Resource */,
				8ACB3BFF248CE2F4003B6410 /* Main.storyboard */,
				8ACB3C02248CE2F6003B6410 /* Assets.xcassets */,
				8ACB3C04248CE2F6003B6410 /* LaunchScreen.storyboard */,
				8ACB3C07248CE2F6003B6410 /* Info.plist */,
			);
			path = LXSwift;
			sourceTree = "<group>";
		};
		9964A2B7248F1BB500553584 /* Main */ = {
			isa = PBXGroup;
			children = (
				9964A2B9248F1BE000553584 /* AlgorithmTableViewController.swift */,
				9964A2BD249073D300553584 /* AlgorithmTVCell.swift */,
			);
			path = Main;
			sourceTree = "<group>";
		};
		9964A2B8248F1BBE00553584 /* List */ = {
			isa = PBXGroup;
			children = (
				99EB4701248E14530033D7CB /* Algorithm_001.swift */,
				99EB4703248E14630033D7CB /* Algorithm_002.swift */,
				99EB4705248E146F0033D7CB /* Algorithm_003.swift */,
				9964A2BB248F3D7100553584 /* Algorithm_004.swift */,
			);
			path = List;
			sourceTree = "<group>";
		};
		9964A2C0249075AB00553584 /* Vendor_Usage */ = {
			isa = PBXGroup;
			children = (
				9964A2C12490764200553584 /* SVProgressHUDVC.swift */,
			);
			path = Vendor_Usage;
			sourceTree = "<group>";
		};
		99EB46EE248DEBC70033D7CB /* Config */ = {
			isa = PBXGroup;
			children = (
				99EB46EF248DEC660033D7CB /* GlobalFunc.swift */,
				99EB46F8248E06CE0033D7CB /* GlobalConstant.swift */,
			);
			path = Config;
			sourceTree = "<group>";
		};
		99EB46FA248E08740033D7CB /* Extension */ = {
			isa = PBXGroup;
			children = (
				99EB46F6248E05D50033D7CB /* UIColor+LXColor.swift */,
			);
			path = Extension;
			sourceTree = "<group>";
		};
		99EB46FC248E088C0033D7CB /* Feature */ = {
			isa = PBXGroup;
			children = (
				8A6E409024927AA400D97A21 /* Login */,
				99EB4700248E14080033D7CB /* LeetCodeAlgorithm */,
				9964A2C0249075AB00553584 /* Vendor_Usage */,
			);
			path = Feature;
			sourceTree = "<group>";
		};
		99EB46FF248E0B620033D7CB /* Singleton */ = {
			isa = PBXGroup;
			children = (
			);
			path = Singleton;
			sourceTree = "<group>";
		};
		99EB4700248E14080033D7CB /* LeetCodeAlgorithm */ = {
			isa = PBXGroup;
			children = (
				9964A2B7248F1BB500553584 /* Main */,
				9964A2B8248F1BBE00553584 /* List */,
			);
			path = LeetCodeAlgorithm;
			sourceTree = "<group>";
		};
		AE2ED7DEFE8DB7B6E5E208E9 /* Frameworks */ = {
			isa = PBXGroup;
			children = (
				73D6892A4398758B3105CFF9 /* Pods_LXSwift.framework */,
			);
			name = Frameworks;
			sourceTree = "<group>";
		};
/* End PBXGroup section */

/* Begin PBXNativeTarget section */
		8ACB3BF5248CE2F4003B6410 /* LXSwift */ = {
			isa = PBXNativeTarget;
			buildConfigurationList = 8ACB3C0A248CE2F6003B6410 /* Build configuration list for PBXNativeTarget "LXSwift" */;
			buildPhases = (
				5C41AF34BE88CB831A5ED645 /* [CP] Check Pods Manifest.lock */,
				8ACB3BF2248CE2F4003B6410 /* Sources */,
				8ACB3BF3248CE2F4003B6410 /* Frameworks */,
				8ACB3BF4248CE2F4003B6410 /* Resources */,
				DC6FB8E25FACCE34DC61C3AF /* [CP] Embed Pods Frameworks */,
			);
			buildRules = (
			);
			dependencies = (
			);
			name = LXSwift;
			productName = LXSwift;
			productReference = 8ACB3BF6248CE2F4003B6410 /* LXSwift.app */;
			productType = "com.apple.product-type.application";
		};
/* End PBXNativeTarget section */

/* Begin PBXProject section */
		8ACB3BEE248CE2F4003B6410 /* Project object */ = {
			isa = PBXProject;
			attributes = {
				LastSwiftUpdateCheck = 1140;
				LastUpgradeCheck = 1140;
				ORGANIZATIONNAME = LX;
				TargetAttributes = {
					8ACB3BF5248CE2F4003B6410 = {
						CreatedOnToolsVersion = 11.4.1;
						LastSwiftMigration = 1140;
					};
				};
			};
			buildConfigurationList = 8ACB3BF1248CE2F4003B6410 /* Build configuration list for PBXProject "LXSwift" */;
			compatibilityVersion = "Xcode 9.3";
			developmentRegion = en;
			hasScannedForEncodings = 0;
			knownRegions = (
				en,
				Base,
			);
			mainGroup = 8ACB3BED248CE2F4003B6410;
			productRefGroup = 8ACB3BF7248CE2F4003B6410 /* Products */;
			projectDirPath = "";
			projectRoot = "";
			targets = (
				8ACB3BF5248CE2F4003B6410 /* LXSwift */,
			);
		};
/* End PBXProject section */

/* Begin PBXResourcesBuildPhase section */
		8ACB3BF4248CE2F4003B6410 /* Resources */ = {
			isa = PBXResourcesBuildPhase;
			buildActionMask = 2147483647;
			files = (
				8AC898ED248D22D300D954B4 /* tabbar_shop_select@2x.png in Resources */,
				8AC898EE248D22D300D954B4 /* tabbar_home_select@2x.png in Resources */,
				8ACB3C06248CE2F6003B6410 /* LaunchScreen.storyboard in Resources */,
				8ACB3C03248CE2F6003B6410 /* Assets.xcassets in Resources */,
				8AC898F1248D22D300D954B4 /* tabbar_person_select@2x.png in Resources */,
				8AC898EC248D22D300D954B4 /* tabbar_node_select@2x.png in Resources */,
				8AC898EA248D22D300D954B4 /* tabbar_home_normal@2x.png in Resources */,
				8AC898F0248D22D300D954B4 /* tabbar_person_normal@2x.png in Resources */,
				8ACB3C01248CE2F4003B6410 /* Main.storyboard in Resources */,
				8AC898EF248D22D300D954B4 /* tabbar_shop_normal@2x.png in Resources */,
				8AC898EB248D22D300D954B4 /* tabbar_node_normal@2x.png in Resources */,
			);
			runOnlyForDeploymentPostprocessing = 0;
		};
/* End PBXResourcesBuildPhase section */

/* Begin PBXShellScriptBuildPhase section */
		5C41AF34BE88CB831A5ED645 /* [CP] Check Pods Manifest.lock */ = {
			isa = PBXShellScriptBuildPhase;
			buildActionMask = 2147483647;
			files = (
			);
			inputFileListPaths = (
			);
			inputPaths = (
				"${PODS_PODFILE_DIR_PATH}/Podfile.lock",
				"${PODS_ROOT}/Manifest.lock",
			);
			name = "[CP] Check Pods Manifest.lock";
			outputFileListPaths = (
			);
			outputPaths = (
				"$(DERIVED_FILE_DIR)/Pods-LXSwift-checkManifestLockResult.txt",
			);
			runOnlyForDeploymentPostprocessing = 0;
			shellPath = /bin/sh;
			shellScript = "diff \"${PODS_PODFILE_DIR_PATH}/Podfile.lock\" \"${PODS_ROOT}/Manifest.lock\" > /dev/null\nif [ $? != 0 ] ; then\n    # print error to STDERR\n    echo \"error: The sandbox is not in sync with the Podfile.lock. Run 'pod install' or update your CocoaPods installation.\" >&2\n    exit 1\nfi\n# This output is used by Xcode 'outputs' to avoid re-running this script phase.\necho \"SUCCESS\" > \"${SCRIPT_OUTPUT_FILE_0}\"\n";
			showEnvVarsInLog = 0;
		};
		DC6FB8E25FACCE34DC61C3AF /* [CP] Embed Pods Frameworks */ = {
			isa = PBXShellScriptBuildPhase;
			buildActionMask = 2147483647;
			files = (
			);
			inputFileListPaths = (
				"${PODS_ROOT}/Target Support Files/Pods-LXSwift/Pods-LXSwift-frameworks-${CONFIGURATION}-input-files.xcfilelist",
			);
			name = "[CP] Embed Pods Frameworks";
			outputFileListPaths = (
				"${PODS_ROOT}/Target Support Files/Pods-LXSwift/Pods-LXSwift-frameworks-${CONFIGURATION}-output-files.xcfilelist",
			);
			runOnlyForDeploymentPostprocessing = 0;
			shellPath = /bin/sh;
			shellScript = "\"${PODS_ROOT}/Target Support Files/Pods-LXSwift/Pods-LXSwift-frameworks.sh\"\n";
			showEnvVarsInLog = 0;
		};
/* End PBXShellScriptBuildPhase section */

/* Begin PBXSourcesBuildPhase section */
		8ACB3BF2248CE2F4003B6410 /* Sources */ = {
			isa = PBXSourcesBuildPhase;
			buildActionMask = 2147483647;
			files = (
				9964A2BE249073D300553584 /* AlgorithmTVCell.swift in Sources */,
				99EB46F9248E06CE0033D7CB /* GlobalConstant.swift in Sources */,
				8AC898CC248CEEEF00D954B4 /* SecondViewController.swift in Sources */,
				8AC898CA248CEEDF00D954B4 /* FirstViewController.swift in Sources */,
				99EB4702248E14530033D7CB /* Algorithm_001.swift in Sources */,
				99EB46F7248E05D50033D7CB /* UIColor+LXColor.swift in Sources */,
				99EB46F0248DEC660033D7CB /* GlobalFunc.swift in Sources */,
				9964A2BA248F1BE000553584 /* AlgorithmTableViewController.swift in Sources */,
				9964A2C22490764200553584 /* SVProgressHUDVC.swift in Sources */,
				9964A2BC248F3D7100553584 /* Algorithm_004.swift in Sources */,
				9970A03E24938D4A008EF873 /* LoginVC.swift in Sources */,
				99EB4706248E146F0033D7CB /* Algorithm_003.swift in Sources */,
				8AC898CE248CEEF900D954B4 /* ThirdViewController.swift in Sources */,
				8AC898C6248CEE4500D954B4 /* RootTabbarController.swift in Sources */,
				99EB4704248E14630033D7CB /* Algorithm_002.swift in Sources */,
				8ACB3BFA248CE2F4003B6410 /* AppDelegate.swift in Sources */,
			);
			runOnlyForDeploymentPostprocessing = 0;
		};
/* End PBXSourcesBuildPhase section */

/* Begin PBXVariantGroup section */
		8ACB3BFF248CE2F4003B6410 /* Main.storyboard */ = {
			isa = PBXVariantGroup;
			children = (
				8ACB3C00248CE2F4003B6410 /* Base */,
			);
			name = Main.storyboard;
			sourceTree = "<group>";
		};
		8ACB3C04248CE2F6003B6410 /* LaunchScreen.storyboard */ = {
			isa = PBXVariantGroup;
			children = (
				8ACB3C05248CE2F6003B6410 /* Base */,
			);
			name = LaunchScreen.storyboard;
			sourceTree = "<group>";
		};
/* End PBXVariantGroup section */

/* Begin XCBuildConfiguration section */
		8ACB3C08248CE2F6003B6410 /* Debug */ = {
			isa = XCBuildConfiguration;
			buildSettings = {
				ALWAYS_SEARCH_USER_PATHS = NO;
				CLANG_ANALYZER_NONNULL = YES;
				CLANG_ANALYZER_NUMBER_OBJECT_CONVERSION = YES_AGGRESSIVE;
				CLANG_CXX_LANGUAGE_STANDARD = "gnu++14";
				CLANG_CXX_LIBRARY = "libc++";
				CLANG_ENABLE_MODULES = YES;
				CLANG_ENABLE_OBJC_ARC = YES;
				CLANG_ENABLE_OBJC_WEAK = YES;
				CLANG_WARN_BLOCK_CAPTURE_AUTORELEASING = YES;
				CLANG_WARN_BOOL_CONVERSION = YES;
				CLANG_WARN_COMMA = YES;
				CLANG_WARN_CONSTANT_CONVERSION = YES;
				CLANG_WARN_DEPRECATED_OBJC_IMPLEMENTATIONS = YES;
				CLANG_WARN_DIRECT_OBJC_ISA_USAGE = YES_ERROR;
				CLANG_WARN_DOCUMENTATION_COMMENTS = YES;
				CLANG_WARN_EMPTY_BODY = YES;
				CLANG_WARN_ENUM_CONVERSION = YES;
				CLANG_WARN_INFINITE_RECURSION = YES;
				CLANG_WARN_INT_CONVERSION = YES;
				CLANG_WARN_NON_LITERAL_NULL_CONVERSION = YES;
				CLANG_WARN_OBJC_IMPLICIT_RETAIN_SELF = YES;
				CLANG_WARN_OBJC_LITERAL_CONVERSION = YES;
				CLANG_WARN_OBJC_ROOT_CLASS = YES_ERROR;
				CLANG_WARN_RANGE_LOOP_ANALYSIS = YES;
				CLANG_WARN_STRICT_PROTOTYPES = YES;
				CLANG_WARN_SUSPICIOUS_MOVE = YES;
				CLANG_WARN_UNGUARDED_AVAILABILITY = YES_AGGRESSIVE;
				CLANG_WARN_UNREACHABLE_CODE = YES;
				CLANG_WARN__DUPLICATE_METHOD_MATCH = YES;
				COPY_PHASE_STRIP = NO;
				DEBUG_INFORMATION_FORMAT = dwarf;
				ENABLE_STRICT_OBJC_MSGSEND = YES;
				ENABLE_TESTABILITY = YES;
				GCC_C_LANGUAGE_STANDARD = gnu11;
				GCC_DYNAMIC_NO_PIC = NO;
				GCC_NO_COMMON_BLOCKS = YES;
				GCC_OPTIMIZATION_LEVEL = 0;
				GCC_PREPROCESSOR_DEFINITIONS = (
					"DEBUG=1",
					"$(inherited)",
				);
				GCC_WARN_64_TO_32_BIT_CONVERSION = YES;
				GCC_WARN_ABOUT_RETURN_TYPE = YES_ERROR;
				GCC_WARN_UNDECLARED_SELECTOR = YES;
				GCC_WARN_UNINITIALIZED_AUTOS = YES_AGGRESSIVE;
				GCC_WARN_UNUSED_FUNCTION = YES;
				GCC_WARN_UNUSED_VARIABLE = YES;
				IPHONEOS_DEPLOYMENT_TARGET = 13.4;
				MTL_ENABLE_DEBUG_INFO = INCLUDE_SOURCE;
				MTL_FAST_MATH = YES;
				ONLY_ACTIVE_ARCH = YES;
				SDKROOT = iphoneos;
				SWIFT_ACTIVE_COMPILATION_CONDITIONS = DEBUG;
				SWIFT_OPTIMIZATION_LEVEL = "-Onone";
			};
			name = Debug;
		};
		8ACB3C09248CE2F6003B6410 /* Release */ = {
			isa = XCBuildConfiguration;
			buildSettings = {
				ALWAYS_SEARCH_USER_PATHS = NO;
				CLANG_ANALYZER_NONNULL = YES;
				CLANG_ANALYZER_NUMBER_OBJECT_CONVERSION = YES_AGGRESSIVE;
				CLANG_CXX_LANGUAGE_STANDARD = "gnu++14";
				CLANG_CXX_LIBRARY = "libc++";
				CLANG_ENABLE_MODULES = YES;
				CLANG_ENABLE_OBJC_ARC = YES;
				CLANG_ENABLE_OBJC_WEAK = YES;
				CLANG_WARN_BLOCK_CAPTURE_AUTORELEASING = YES;
				CLANG_WARN_BOOL_CONVERSION = YES;
				CLANG_WARN_COMMA = YES;
				CLANG_WARN_CONSTANT_CONVERSION = YES;
				CLANG_WARN_DEPRECATED_OBJC_IMPLEMENTATIONS = YES;
				CLANG_WARN_DIRECT_OBJC_ISA_USAGE = YES_ERROR;
				CLANG_WARN_DOCUMENTATION_COMMENTS = YES;
				CLANG_WARN_EMPTY_BODY = YES;
				CLANG_WARN_ENUM_CONVERSION = YES;
				CLANG_WARN_INFINITE_RECURSION = YES;
				CLANG_WARN_INT_CONVERSION = YES;
				CLANG_WARN_NON_LITERAL_NULL_CONVERSION = YES;
				CLANG_WARN_OBJC_IMPLICIT_RETAIN_SELF = YES;
				CLANG_WARN_OBJC_LITERAL_CONVERSION = YES;
				CLANG_WARN_OBJC_ROOT_CLASS = YES_ERROR;
				CLANG_WARN_RANGE_LOOP_ANALYSIS = YES;
				CLANG_WARN_STRICT_PROTOTYPES = YES;
				CLANG_WARN_SUSPICIOUS_MOVE = YES;
				CLANG_WARN_UNGUARDED_AVAILABILITY = YES_AGGRESSIVE;
				CLANG_WARN_UNREACHABLE_CODE = YES;
				CLANG_WARN__DUPLICATE_METHOD_MATCH = YES;
				COPY_PHASE_STRIP = NO;
				DEBUG_INFORMATION_FORMAT = "dwarf-with-dsym";
				ENABLE_NS_ASSERTIONS = NO;
				ENABLE_STRICT_OBJC_MSGSEND = YES;
				GCC_C_LANGUAGE_STANDARD = gnu11;
				GCC_NO_COMMON_BLOCKS = YES;
				GCC_WARN_64_TO_32_BIT_CONVERSION = YES;
				GCC_WARN_ABOUT_RETURN_TYPE = YES_ERROR;
				GCC_WARN_UNDECLARED_SELECTOR = YES;
				GCC_WARN_UNINITIALIZED_AUTOS = YES_AGGRESSIVE;
				GCC_WARN_UNUSED_FUNCTION = YES;
				GCC_WARN_UNUSED_VARIABLE = YES;
				IPHONEOS_DEPLOYMENT_TARGET = 13.4;
				MTL_ENABLE_DEBUG_INFO = NO;
				MTL_FAST_MATH = YES;
				SDKROOT = iphoneos;
				SWIFT_COMPILATION_MODE = wholemodule;
				SWIFT_OPTIMIZATION_LEVEL = "-O";
				VALIDATE_PRODUCT = YES;
			};
			name = Release;
		};
		8ACB3C0B248CE2F6003B6410 /* Debug */ = {
			isa = XCBuildConfiguration;
			baseConfigurationReference = 69F0201378D177B42A66BA1F /* Pods-LXSwift.debug.xcconfig */;
			buildSettings = {
				ASSETCATALOG_COMPILER_APPICON_NAME = AppIcon;
				CLANG_ENABLE_MODULES = YES;
				CODE_SIGN_STYLE = Automatic;
				DEVELOPMENT_TEAM = 6JHY626E93;
				INFOPLIST_FILE = LXSwift/Info.plist;
				IPHONEOS_DEPLOYMENT_TARGET = 10.0;
				LD_RUNPATH_SEARCH_PATHS = (
					"$(inherited)",
					"@executable_path/Frameworks",
				);
				PRODUCT_BUNDLE_IDENTIFIER = com.LX.LXSwift;
				PRODUCT_NAME = "$(TARGET_NAME)";
				SWIFT_OPTIMIZATION_LEVEL = "-Onone";
				SWIFT_VERSION = 5.0;
				TARGETED_DEVICE_FAMILY = "1,2";
			};
			name = Debug;
		};
		8ACB3C0C248CE2F6003B6410 /* Release */ = {
			isa = XCBuildConfiguration;
			baseConfigurationReference = 6FEFE7B1D199BA1FDD6227A1 /* Pods-LXSwift.release.xcconfig */;
			buildSettings = {
				ASSETCATALOG_COMPILER_APPICON_NAME = AppIcon;
				CLANG_ENABLE_MODULES = YES;
				CODE_SIGN_STYLE = Automatic;
				DEVELOPMENT_TEAM = 6JHY626E93;
				INFOPLIST_FILE = LXSwift/Info.plist;
				IPHONEOS_DEPLOYMENT_TARGET = 10.0;
				LD_RUNPATH_SEARCH_PATHS = (
					"$(inherited)",
					"@executable_path/Frameworks",
				);
				PRODUCT_BUNDLE_IDENTIFIER = com.LX.LXSwift;
				PRODUCT_NAME = "$(TARGET_NAME)";
				SWIFT_VERSION = 5.0;
				TARGETED_DEVICE_FAMILY = "1,2";
			};
			name = Release;
		};
/* End XCBuildConfiguration section */

/* Begin XCConfigurationList section */
		8ACB3BF1248CE2F4003B6410 /* Build configuration list for PBXProject "LXSwift" */ = {
			isa = XCConfigurationList;
			buildConfigurations = (
				8ACB3C08248CE2F6003B6410 /* Debug */,
				8ACB3C09248CE2F6003B6410 /* Release */,
			);
			defaultConfigurationIsVisible = 0;
			defaultConfigurationName = Release;
		};
		8ACB3C0A248CE2F6003B6410 /* Build configuration list for PBXNativeTarget "LXSwift" */ = {
			isa = XCConfigurationList;
			buildConfigurations = (
				8ACB3C0B248CE2F6003B6410 /* Debug */,
				8ACB3C0C248CE2F6003B6410 /* Release */,
			);
			defaultConfigurationIsVisible = 0;
			defaultConfigurationName = Release;
		};
/* End XCConfigurationList section */
	};
	rootObject = 8ACB3BEE248CE2F4003B6410 /* Project object */;
}
